// !$*UTF8*$!
{
	archiveVersion = 1;
	classes = {
	};
	objectVersion = 51;
	objects = {

/* Begin PBXBuildFile section */
		8D02F5F127B174EE008AA6E3 /* spanish.txt in Resources */ = {isa = PBXBuildFile; fileRef = 8D02F5F027B174EE008AA6E3 /* spanish.txt */; };
		8D02F5F827B178B9008AA6E3 /* french.txt in Resources */ = {isa = PBXBuildFile; fileRef = 8D02F5F427B178B9008AA6E3 /* french.txt */; };
		8D02F5F927B178B9008AA6E3 /* italian.txt in Resources */ = {isa = PBXBuildFile; fileRef = 8D02F5F527B178B9008AA6E3 /* italian.txt */; };
		8D02F5FA27B178B9008AA6E3 /* korean.txt in Resources */ = {isa = PBXBuildFile; fileRef = 8D02F5F627B178B9008AA6E3 /* korean.txt */; };
		8D02F5FB27B178B9008AA6E3 /* german.txt in Resources */ = {isa = PBXBuildFile; fileRef = 8D02F5F727B178B9008AA6E3 /* german.txt */; };
		8D140F4A26C0E4A200512477 /* bangla.flac in Resources */ = {isa = PBXBuildFile; fileRef = 8DD5076626815FEA00377CBD /* bangla.flac */; };
		8D2B61D7275A5FE80099DE30 /* key_sound.mp3 in Resources */ = {isa = PBXBuildFile; fileRef = 8D2B61D6275A5FE80099DE30 /* key_sound.mp3 */; };
		8D3129E227303B55001EE3C3 /* SharedClass.swift in Sources */ = {isa = PBXBuildFile; fileRef = 8D3129E127303B55001EE3C3 /* SharedClass.swift */; };
		8D3129E827303BF1001EE3C3 /* SharedClass.swift in Sources */ = {isa = PBXBuildFile; fileRef = 8D3129E127303B55001EE3C3 /* SharedClass.swift */; };
		8D3E230C279BCF280067DC30 /* russian.txt in Resources */ = {isa = PBXBuildFile; fileRef = 8D3E230B279BCF280067DC30 /* russian.txt */; };
		8D3E2310279BCFAB0067DC30 /* UnicodeRu.swift in Sources */ = {isa = PBXBuildFile; fileRef = 8D3E230F279BCFAB0067DC30 /* UnicodeRu.swift */; };
		8D4D347327C48FA90007396F /* UnicodeKannada.swift in Sources */ = {isa = PBXBuildFile; fileRef = 8D4D346827C48FA90007396F /* UnicodeKannada.swift */; };
		8D4D347427C48FA90007396F /* UnicodeTamil.swift in Sources */ = {isa = PBXBuildFile; fileRef = 8D4D346927C48FA90007396F /* UnicodeTamil.swift */; };
		8D4D347527C48FA90007396F /* UnicodeGujarati.swift in Sources */ = {isa = PBXBuildFile; fileRef = 8D4D346A27C48FA90007396F /* UnicodeGujarati.swift */; };
		8D4D347627C48FA90007396F /* UnicodeTelugu.swift in Sources */ = {isa = PBXBuildFile; fileRef = 8D4D346B27C48FA90007396F /* UnicodeTelugu.swift */; };
		8D4D347727C48FA90007396F /* UnicodeMalayalam.swift in Sources */ = {isa = PBXBuildFile; fileRef = 8D4D346C27C48FA90007396F /* UnicodeMalayalam.swift */; };
		8D4D347827C48FA90007396F /* UnicodeSanskrit.swift in Sources */ = {isa = PBXBuildFile; fileRef = 8D4D346D27C48FA90007396F /* UnicodeSanskrit.swift */; };
		8D4D347927C48FA90007396F /* UnicodeOriya.swift in Sources */ = {isa = PBXBuildFile; fileRef = 8D4D346E27C48FA90007396F /* UnicodeOriya.swift */; };
		8D4D347A27C48FA90007396F /* UnicodePunjabi.swift in Sources */ = {isa = PBXBuildFile; fileRef = 8D4D346F27C48FA90007396F /* UnicodePunjabi.swift */; };
		8D4D347B27C48FA90007396F /* UnicodeNepali.swift in Sources */ = {isa = PBXBuildFile; fileRef = 8D4D347027C48FA90007396F /* UnicodeNepali.swift */; };
		8D4D347C27C48FA90007396F /* UnicodeHindi.swift in Sources */ = {isa = PBXBuildFile; fileRef = 8D4D347127C48FA90007396F /* UnicodeHindi.swift */; };
		8D4D347D27C48FA90007396F /* UnicodeMarathi.swift in Sources */ = {isa = PBXBuildFile; fileRef = 8D4D347227C48FA90007396F /* UnicodeMarathi.swift */; };
		8D4D348B27C495BA0007396F /* UnicodeUrdu.swift in Sources */ = {isa = PBXBuildFile; fileRef = 8D4D348A27C495BA0007396F /* UnicodeUrdu.swift */; };
		8D552EE426484C4000866DEF /* UnicodeEn.swift in Sources */ = {isa = PBXBuildFile; fileRef = 8D552EE326484C4000866DEF /* UnicodeEn.swift */; };
		8D59B2252669AD2C0034A967 /* Extension.swift in Sources */ = {isa = PBXBuildFile; fileRef = 8D59B2242669AD2C0034A967 /* Extension.swift */; };
		8D68831526E8D6400008D7D8 /* good-morning-google.flac in Resources */ = {isa = PBXBuildFile; fileRef = 8DD5076726815FEA00377CBD /* good-morning-google.flac */; };
		8D68831826E8D6430008D7D8 /* hello (16bit PCM).wav in Resources */ = {isa = PBXBuildFile; fileRef = 8DD5076826815FEA00377CBD /* hello (16bit PCM).wav */; };
		8D6DA1C026E897D10080E630 /* Errors.swift in Sources */ = {isa = PBXBuildFile; fileRef = 8D6CBEAE26E8960D00F8D7FC /* Errors.swift */; };
		8D6DA1C526E897D40080E630 /* APIKey.swift in Sources */ = {isa = PBXBuildFile; fileRef = 8D6CBEAA26E8960D00F8D7FC /* APIKey.swift */; };
		8D6DA1CA26E897D70080E630 /* APIUrl.swift in Sources */ = {isa = PBXBuildFile; fileRef = 8D6CBEAD26E8960D00F8D7FC /* APIUrl.swift */; };
		8D6DA1CF26E897D90080E630 /* Response.swift in Sources */ = {isa = PBXBuildFile; fileRef = 8D6CBEAF26E8960D00F8D7FC /* Response.swift */; };
		8D6DA1D226E897DC0080E630 /* APIRequest.swift in Sources */ = {isa = PBXBuildFile; fileRef = 8D6CBEAB26E8960D00F8D7FC /* APIRequest.swift */; };
		8D6DA1D626E897FA0080E630 /* APIRequest.swift in Sources */ = {isa = PBXBuildFile; fileRef = 8D6DA1D526E897FA0080E630 /* APIRequest.swift */; };
		8D6DA1DE26E899050080E630 /* Reachability.swift in Sources */ = {isa = PBXBuildFile; fileRef = 8D6DA1DA26E899050080E630 /* Reachability.swift */; };
		8D6DA1DF26E899050080E630 /* AudioManager.swift in Sources */ = {isa = PBXBuildFile; fileRef = 8D6DA1DC26E899050080E630 /* AudioManager.swift */; };
		8D6DA1E026E899050080E630 /* SpeechModel.swift in Sources */ = {isa = PBXBuildFile; fileRef = 8D6DA1DD26E899050080E630 /* SpeechModel.swift */; };
		8D713FDB26EEEACE0064DE3A /* busy.gif in Resources */ = {isa = PBXBuildFile; fileRef = 8D713FDA26EEEACE0064DE3A /* busy.gif */; };
		8D74D7A127B24079006642E0 /* UnicodeGe.swift in Sources */ = {isa = PBXBuildFile; fileRef = 8D74D79C27B24079006642E0 /* UnicodeGe.swift */; };
		8D74D7A227B24079006642E0 /* UnicodeKo.swift in Sources */ = {isa = PBXBuildFile; fileRef = 8D74D79D27B24079006642E0 /* UnicodeKo.swift */; };
		8D74D7A327B24079006642E0 /* UnicodeFr.swift in Sources */ = {isa = PBXBuildFile; fileRef = 8D74D79E27B24079006642E0 /* UnicodeFr.swift */; };
		8D74D7A427B24079006642E0 /* UnicodeIt.swift in Sources */ = {isa = PBXBuildFile; fileRef = 8D74D79F27B24079006642E0 /* UnicodeIt.swift */; };
		8D74D7A527B24079006642E0 /* UnicodeEs.swift in Sources */ = {isa = PBXBuildFile; fileRef = 8D74D7A027B24079006642E0 /* UnicodeEs.swift */; };
		8D74D7A927B27A98006642E0 /* UnicodeTr.swift in Sources */ = {isa = PBXBuildFile; fileRef = 8D74D7A827B27A98006642E0 /* UnicodeTr.swift */; };
		8D74D7AD27B27AAD006642E0 /* turkish.txt in Resources */ = {isa = PBXBuildFile; fileRef = 8D74D7AC27B27AAD006642E0 /* turkish.txt */; };
		8D74D7B127B284C5006642E0 /* portuguese.txt in Resources */ = {isa = PBXBuildFile; fileRef = 8D74D7B027B284C5006642E0 /* portuguese.txt */; };
		8D74D7B527B284DE006642E0 /* UnicodePt.swift in Sources */ = {isa = PBXBuildFile; fileRef = 8D74D7B427B284DE006642E0 /* UnicodePt.swift */; };
		8D75AE202794338200CB1E0B /* UnicodeId.swift in Sources */ = {isa = PBXBuildFile; fileRef = 8D75AE1F2794338200CB1E0B /* UnicodeId.swift */; };
		8D769A0D265F3BED00C74FBA /* Assets.xcassets in Resources */ = {isa = PBXBuildFile; fileRef = 8D769A0C265F3BED00C74FBA /* Assets.xcassets */; };
		8D8323D527E437640068CBA1 /* AdUtil.swift in Sources */ = {isa = PBXBuildFile; fileRef = 8D8323D427E437630068CBA1 /* AdUtil.swift */; };
		8D83240C27E450B60068CBA1 /* AdManager.swift in Sources */ = {isa = PBXBuildFile; fileRef = 8D83240B27E450B60068CBA1 /* AdManager.swift */; };
		8D8631DA27D7B1730078D877 /* punjabi.txt in Resources */ = {isa = PBXBuildFile; fileRef = 8D8631CE27D7B1700078D877 /* punjabi.txt */; };
		8D8631DB27D7B1730078D877 /* telugu.txt in Resources */ = {isa = PBXBuildFile; fileRef = 8D8631CF27D7B1700078D877 /* telugu.txt */; };
		8D8631DC27D7B1730078D877 /* malayalam.txt in Resources */ = {isa = PBXBuildFile; fileRef = 8D8631D027D7B1700078D877 /* malayalam.txt */; };
		8D8631DD27D7B1730078D877 /* sanskrit.txt in Resources */ = {isa = PBXBuildFile; fileRef = 8D8631D127D7B1700078D877 /* sanskrit.txt */; };
		8D8631DE27D7B1730078D877 /* hindi.txt in Resources */ = {isa = PBXBuildFile; fileRef = 8D8631D227D7B1710078D877 /* hindi.txt */; };
		8D8631DF27D7B1730078D877 /* tamil.txt in Resources */ = {isa = PBXBuildFile; fileRef = 8D8631D327D7B1710078D877 /* tamil.txt */; };
		8D8631E027D7B1730078D877 /* gujrati.txt in Resources */ = {isa = PBXBuildFile; fileRef = 8D8631D427D7B1710078D877 /* gujrati.txt */; };
		8D8631E127D7B1730078D877 /* nepali.txt in Resources */ = {isa = PBXBuildFile; fileRef = 8D8631D527D7B1710078D877 /* nepali.txt */; };
		8D8631E227D7B1730078D877 /* marathi.txt in Resources */ = {isa = PBXBuildFile; fileRef = 8D8631D627D7B1720078D877 /* marathi.txt */; };
		8D8631E327D7B1730078D877 /* oriya.txt in Resources */ = {isa = PBXBuildFile; fileRef = 8D8631D727D7B1720078D877 /* oriya.txt */; };
		8D8631E427D7B1730078D877 /* urdu.txt in Resources */ = {isa = PBXBuildFile; fileRef = 8D8631D827D7B1720078D877 /* urdu.txt */; };
		8D8631E527D7B1730078D877 /* kannada.txt in Resources */ = {isa = PBXBuildFile; fileRef = 8D8631D927D7B1720078D877 /* kannada.txt */; };
		8D8BCF5F26E7638B00615097 /* Errors.swift in Sources */ = {isa = PBXBuildFile; fileRef = 8D8BCF5E26E7638B00615097 /* Errors.swift */; };
		8D8BCF7A26E76E2200615097 /* Response.swift in Sources */ = {isa = PBXBuildFile; fileRef = 8D8BCF7926E76E2200615097 /* Response.swift */; };
		8D8BD6C6276A075000B77F6C /* UnicodeBn.swift in Sources */ = {isa = PBXBuildFile; fileRef = 8D8BD6C5276A075000B77F6C /* UnicodeBn.swift */; };
		8D91CD462655E7EF00404F5D /* SceneDelegate.swift in Sources */ = {isa = PBXBuildFile; fileRef = 8D91CD452655E7EE00404F5D /* SceneDelegate.swift */; };
		8D91D30F27B7C3EC001BB9A4 /* Localizable.strings in Resources */ = {isa = PBXBuildFile; fileRef = 8D91D30D27B7C3EB001BB9A4 /* Localizable.strings */; };
		8D91D33627B7FBAB001BB9A4 /* Localizable.strings in Resources */ = {isa = PBXBuildFile; fileRef = 8D91D30D27B7C3EB001BB9A4 /* Localizable.strings */; };
		8D9AA16E2682DEDC00EA136D /* AudioManager.swift in Sources */ = {isa = PBXBuildFile; fileRef = 8D9AA16D2682DEDC00EA136D /* AudioManager.swift */; };
		8D9F6701275B8756006E65BE /* words_en.txt in Resources */ = {isa = PBXBuildFile; fileRef = 8D9F6700275B8756006E65BE /* words_en.txt */; };
		8D9F89EB27AFF77800D6E517 /* bangla.txt in Resources */ = {isa = PBXBuildFile; fileRef = 8D9F89EA27AFF77800D6E517 /* bangla.txt */; };
		8DA96A8627E972B9009CF1E9 /* AppTrackingTransparency.framework in Frameworks */ = {isa = PBXBuildFile; fileRef = 8DA96A8427E97104009CF1E9 /* AppTrackingTransparency.framework */; };
		8DA96A8827E98E08009CF1E9 /* AdSupport.framework in Frameworks */ = {isa = PBXBuildFile; fileRef = 8DA96A8727E98E08009CF1E9 /* AdSupport.framework */; };
		8DB2747627E222B3000518B0 /* LoadingView.swift in Sources */ = {isa = PBXBuildFile; fileRef = 8DB2747327E222B3000518B0 /* LoadingView.swift */; };
		8DB2747727E222B3000518B0 /* Triangle.swift in Sources */ = {isa = PBXBuildFile; fileRef = 8DB2747427E222B3000518B0 /* Triangle.swift */; };
		8DB274BD27E226C4000518B0 /* AdmobAd.m in Sources */ = {isa = PBXBuildFile; fileRef = 8DB274B327E226C4000518B0 /* AdmobAd.m */; };
		8DB274BF27E226C4000518B0 /* AdsManager.m in Sources */ = {isa = PBXBuildFile; fileRef = 8DB274B527E226C4000518B0 /* AdsManager.m */; };
		8DB274C027E226C4000518B0 /* AdAppodeal.xib in Resources */ = {isa = PBXBuildFile; fileRef = 8DB274B627E226C4000518B0 /* AdAppodeal.xib */; };
		8DB274C127E226C4000518B0 /* AdAppodeal.m in Sources */ = {isa = PBXBuildFile; fileRef = 8DB274B727E226C4000518B0 /* AdAppodeal.m */; };
		8DB274C227E226C4000518B0 /* AdmobAd.xib in Resources */ = {isa = PBXBuildFile; fileRef = 8DB274B827E226C4000518B0 /* AdmobAd.xib */; };
		8DBF98E727E3866200119E68 /* AdmobController.swift in Sources */ = {isa = PBXBuildFile; fileRef = 8DBF98E527E3866200119E68 /* AdmobController.swift */; };
		8DBF98E827E3866200119E68 /* AdmobController.xib in Resources */ = {isa = PBXBuildFile; fileRef = 8DBF98E627E3866200119E68 /* AdmobController.xib */; };
		8DCFBF21278ED17D0093140C /* bahasa.txt in Resources */ = {isa = PBXBuildFile; fileRef = 8DCFBF20278ED17D0093140C /* bahasa.txt */; };
		8DD507462681596B00377CBD /* APIKey.swift in Sources */ = {isa = PBXBuildFile; fileRef = 8DD5073D2681596B00377CBD /* APIKey.swift */; };
		8DD507472681596B00377CBD /* APIUrl.swift in Sources */ = {isa = PBXBuildFile; fileRef = 8DD5073E2681596B00377CBD /* APIUrl.swift */; };
		8DD5074A2681596B00377CBD /* Reachability.swift in Sources */ = {isa = PBXBuildFile; fileRef = 8DD507422681596B00377CBD /* Reachability.swift */; };
		8DD5075E26815EF800377CBD /* Utils.swift in Sources */ = {isa = PBXBuildFile; fileRef = 8DD5075D26815EF800377CBD /* Utils.swift */; };
		8DD5076A26815FEB00377CBD /* bangla.flac in Resources */ = {isa = PBXBuildFile; fileRef = 8DD5076626815FEA00377CBD /* bangla.flac */; };
		8DD5076B26815FEB00377CBD /* good-morning-google.flac in Resources */ = {isa = PBXBuildFile; fileRef = 8DD5076726815FEA00377CBD /* good-morning-google.flac */; };
		8DD5076C26815FEB00377CBD /* hello (16bit PCM).wav in Resources */ = {isa = PBXBuildFile; fileRef = 8DD5076826815FEA00377CBD /* hello (16bit PCM).wav */; };
		8DD507762681644A00377CBD /* SpeechModel.swift in Sources */ = {isa = PBXBuildFile; fileRef = 8DD507752681644A00377CBD /* SpeechModel.swift */; };
		8DD7781A276231920088E282 /* words.txt in Resources */ = {isa = PBXBuildFile; fileRef = 8DD77819276231920088E282 /* words.txt */; };
		8DE7F94C25E4474A00D3C48A /* AppDelegate.swift in Sources */ = {isa = PBXBuildFile; fileRef = 8DE7F94B25E4474A00D3C48A /* AppDelegate.swift */; };
		8DE7F95325E4474A00D3C48A /* Main.storyboard in Resources */ = {isa = PBXBuildFile; fileRef = 8DE7F95125E4474A00D3C48A /* Main.storyboard */; };
		8DE7F95525E4476900D3C48A /* Assets.xcassets in Resources */ = {isa = PBXBuildFile; fileRef = 8DE7F95425E4476900D3C48A /* Assets.xcassets */; };
		8DE7F95825E4476900D3C48A /* LaunchScreen.storyboard in Resources */ = {isa = PBXBuildFile; fileRef = 8DE7F95625E4476900D3C48A /* LaunchScreen.storyboard */; };
		8DE7F9C425E4784200D3C48A /* KeyboardViewController.swift in Sources */ = {isa = PBXBuildFile; fileRef = 8DE7F9C325E4784200D3C48A /* KeyboardViewController.swift */; };
		8DE7F9C825E4784200D3C48A /* KeyboardExtension.appex in Embed App Extensions */ = {isa = PBXBuildFile; fileRef = 8DE7F9C125E4784200D3C48A /* KeyboardExtension.appex */; settings = {ATTRIBUTES = (RemoveHeadersOnCopy, ); }; };
		8DE7FA2625E4C6E700D3C48A /* KeyboardView.swift in Sources */ = {isa = PBXBuildFile; fileRef = 8DE7FA2325E4C6E700D3C48A /* KeyboardView.swift */; };
		8DE7FA2825E4C6E700D3C48A /* KeyboardButton.swift in Sources */ = {isa = PBXBuildFile; fileRef = 8DE7FA2525E4C6E700D3C48A /* KeyboardButton.swift */; };
		8DF36878266C20670098EA60 /* ColorExtension.swift in Sources */ = {isa = PBXBuildFile; fileRef = 8DF36877266C20670098EA60 /* ColorExtension.swift */; };
		8DF3FC2227AC18160062BE1E /* JHKeyPopup.swift in Sources */ = {isa = PBXBuildFile; fileRef = 8DF3FC2127AC18160062BE1E /* JHKeyPopup.swift */; };
		8DF6E32126C3563B0031E094 /* JhUtil.swift in Sources */ = {isa = PBXBuildFile; fileRef = 8D06A3E225E6EC6800E3B47E /* JhUtil.swift */; };
		8DF6E32626C3563F0031E094 /* Color.swift in Sources */ = {isa = PBXBuildFile; fileRef = 8D4E8152266D8F770073B3B6 /* Color.swift */; };
		8DF6E35126C357050031E094 /* HomeViewController.swift in Sources */ = {isa = PBXBuildFile; fileRef = 8DE7F94F25E4474A00D3C48A /* HomeViewController.swift */; };
		8DF6E35626C357550031E094 /* HintBarManager.swift in Sources */ = {isa = PBXBuildFile; fileRef = 8D496A2C26388F7D001DE455 /* HintBarManager.swift */; };
		8DFDDA8727E2F9C5005AD90B /* FirebaseHelper.m in Sources */ = {isa = PBXBuildFile; fileRef = 8DFDDA8527E2F9C5005AD90B /* FirebaseHelper.m */; };
		8DFDDA8827E2F9C5005AD90B /* FirebaseManager.swift in Sources */ = {isa = PBXBuildFile; fileRef = 8DFDDA8627E2F9C5005AD90B /* FirebaseManager.swift */; };
		8DFDDB3027E2FF16005AD90B /* GoogleService-Info.plist in Resources */ = {isa = PBXBuildFile; fileRef = 8DFDDB2F27E2FF16005AD90B /* GoogleService-Info.plist */; };
		9FC6BAA61BF598B1DCB0F57A /* Pods_KeyboardSwift.framework in Frameworks */ = {isa = PBXBuildFile; fileRef = CE140A8ED17D9190193F0AC2 /* Pods_KeyboardSwift.framework */; };
/* End PBXBuildFile section */

/* Begin PBXContainerItemProxy section */
		8DE7F9C625E4784200D3C48A /* PBXContainerItemProxy */ = {
			isa = PBXContainerItemProxy;
			containerPortal = 8DE7F94025E4474A00D3C48A /* Project object */;
			proxyType = 1;
			remoteGlobalIDString = 8DE7F9C025E4784200D3C48A;
			remoteInfo = KeyboardExtension;
		};
/* End PBXContainerItemProxy section */

/* Begin PBXCopyFilesBuildPhase section */
		8DE7F9CC25E4784200D3C48A /* Embed App Extensions */ = {
			isa = PBXCopyFilesBuildPhase;
			buildActionMask = 2147483647;
			dstPath = "";
			dstSubfolderSpec = 13;
			files = (
				8DE7F9C825E4784200D3C48A /* KeyboardExtension.appex in Embed App Extensions */,
			);
			name = "Embed App Extensions";
			runOnlyForDeploymentPostprocessing = 0;
		};
/* End PBXCopyFilesBuildPhase section */

/* Begin PBXFileReference section */
		8D02F5F027B174EE008AA6E3 /* spanish.txt */ = {isa = PBXFileReference; fileEncoding = 4; lastKnownFileType = text; path = spanish.txt; sourceTree = "<group>"; };
		8D02F5F427B178B9008AA6E3 /* french.txt */ = {isa = PBXFileReference; fileEncoding = 4; lastKnownFileType = text; path = french.txt; sourceTree = "<group>"; };
		8D02F5F527B178B9008AA6E3 /* italian.txt */ = {isa = PBXFileReference; fileEncoding = 4; lastKnownFileType = text; path = italian.txt; sourceTree = "<group>"; };
		8D02F5F627B178B9008AA6E3 /* korean.txt */ = {isa = PBXFileReference; fileEncoding = 4; lastKnownFileType = text; path = korean.txt; sourceTree = "<group>"; };
		8D02F5F727B178B9008AA6E3 /* german.txt */ = {isa = PBXFileReference; fileEncoding = 4; lastKnownFileType = text; path = german.txt; sourceTree = "<group>"; };
		8D06A3E225E6EC6800E3B47E /* JhUtil.swift */ = {isa = PBXFileReference; lastKnownFileType = sourcecode.swift; path = JhUtil.swift; sourceTree = "<group>"; };
		8D2B61D6275A5FE80099DE30 /* key_sound.mp3 */ = {isa = PBXFileReference; lastKnownFileType = audio.mp3; path = key_sound.mp3; sourceTree = "<group>"; };
		8D3129E127303B55001EE3C3 /* SharedClass.swift */ = {isa = PBXFileReference; lastKnownFileType = sourcecode.swift; path = SharedClass.swift; sourceTree = "<group>"; };
		8D3E230B279BCF280067DC30 /* russian.txt */ = {isa = PBXFileReference; fileEncoding = 4; lastKnownFileType = text; path = russian.txt; sourceTree = "<group>"; };
		8D3E230F279BCFAB0067DC30 /* UnicodeRu.swift */ = {isa = PBXFileReference; fileEncoding = 4; lastKnownFileType = sourcecode.swift; path = UnicodeRu.swift; sourceTree = "<group>"; };
		8D496A2C26388F7D001DE455 /* HintBarManager.swift */ = {isa = PBXFileReference; lastKnownFileType = sourcecode.swift; path = HintBarManager.swift; sourceTree = "<group>"; };
		8D4D346827C48FA90007396F /* UnicodeKannada.swift */ = {isa = PBXFileReference; fileEncoding = 4; lastKnownFileType = sourcecode.swift; path = UnicodeKannada.swift; sourceTree = "<group>"; };
		8D4D346927C48FA90007396F /* UnicodeTamil.swift */ = {isa = PBXFileReference; fileEncoding = 4; lastKnownFileType = sourcecode.swift; path = UnicodeTamil.swift; sourceTree = "<group>"; };
		8D4D346A27C48FA90007396F /* UnicodeGujarati.swift */ = {isa = PBXFileReference; fileEncoding = 4; lastKnownFileType = sourcecode.swift; path = UnicodeGujarati.swift; sourceTree = "<group>"; };
		8D4D346B27C48FA90007396F /* UnicodeTelugu.swift */ = {isa = PBXFileReference; fileEncoding = 4; lastKnownFileType = sourcecode.swift; path = UnicodeTelugu.swift; sourceTree = "<group>"; };
		8D4D346C27C48FA90007396F /* UnicodeMalayalam.swift */ = {isa = PBXFileReference; fileEncoding = 4; lastKnownFileType = sourcecode.swift; path = UnicodeMalayalam.swift; sourceTree = "<group>"; };
		8D4D346D27C48FA90007396F /* UnicodeSanskrit.swift */ = {isa = PBXFileReference; fileEncoding = 4; lastKnownFileType = sourcecode.swift; path = UnicodeSanskrit.swift; sourceTree = "<group>"; };
		8D4D346E27C48FA90007396F /* UnicodeOriya.swift */ = {isa = PBXFileReference; fileEncoding = 4; lastKnownFileType = sourcecode.swift; path = UnicodeOriya.swift; sourceTree = "<group>"; };
		8D4D346F27C48FA90007396F /* UnicodePunjabi.swift */ = {isa = PBXFileReference; fileEncoding = 4; lastKnownFileType = sourcecode.swift; path = UnicodePunjabi.swift; sourceTree = "<group>"; };
		8D4D347027C48FA90007396F /* UnicodeNepali.swift */ = {isa = PBXFileReference; fileEncoding = 4; lastKnownFileType = sourcecode.swift; path = UnicodeNepali.swift; sourceTree = "<group>"; };
		8D4D347127C48FA90007396F /* UnicodeHindi.swift */ = {isa = PBXFileReference; fileEncoding = 4; lastKnownFileType = sourcecode.swift; path = UnicodeHindi.swift; sourceTree = "<group>"; };
		8D4D347227C48FA90007396F /* UnicodeMarathi.swift */ = {isa = PBXFileReference; fileEncoding = 4; lastKnownFileType = sourcecode.swift; path = UnicodeMarathi.swift; sourceTree = "<group>"; };
		8D4D348A27C495BA0007396F /* UnicodeUrdu.swift */ = {isa = PBXFileReference; fileEncoding = 4; lastKnownFileType = sourcecode.swift; path = UnicodeUrdu.swift; sourceTree = "<group>"; };
		8D4E8152266D8F770073B3B6 /* Color.swift */ = {isa = PBXFileReference; lastKnownFileType = sourcecode.swift; path = Color.swift; sourceTree = "<group>"; };
		8D552EE326484C4000866DEF /* UnicodeEn.swift */ = {isa = PBXFileReference; lastKnownFileType = sourcecode.swift; path = UnicodeEn.swift; sourceTree = "<group>"; };
		8D59B2242669AD2C0034A967 /* Extension.swift */ = {isa = PBXFileReference; lastKnownFileType = sourcecode.swift; path = Extension.swift; sourceTree = "<group>"; };
		8D6CBEAA26E8960D00F8D7FC /* APIKey.swift */ = {isa = PBXFileReference; fileEncoding = 4; lastKnownFileType = sourcecode.swift; path = APIKey.swift; sourceTree = "<group>"; };
		8D6CBEAB26E8960D00F8D7FC /* APIRequest.swift */ = {isa = PBXFileReference; fileEncoding = 4; lastKnownFileType = sourcecode.swift; path = APIRequest.swift; sourceTree = "<group>"; };
		8D6CBEAD26E8960D00F8D7FC /* APIUrl.swift */ = {isa = PBXFileReference; fileEncoding = 4; lastKnownFileType = sourcecode.swift; path = APIUrl.swift; sourceTree = "<group>"; };
		8D6CBEAE26E8960D00F8D7FC /* Errors.swift */ = {isa = PBXFileReference; fileEncoding = 4; lastKnownFileType = sourcecode.swift; path = Errors.swift; sourceTree = "<group>"; };
		8D6CBEAF26E8960D00F8D7FC /* Response.swift */ = {isa = PBXFileReference; fileEncoding = 4; lastKnownFileType = sourcecode.swift; path = Response.swift; sourceTree = "<group>"; };
		8D6DA1D526E897FA0080E630 /* APIRequest.swift */ = {isa = PBXFileReference; fileEncoding = 4; lastKnownFileType = sourcecode.swift; path = APIRequest.swift; sourceTree = "<group>"; };
		8D6DA1DA26E899050080E630 /* Reachability.swift */ = {isa = PBXFileReference; fileEncoding = 4; lastKnownFileType = sourcecode.swift; path = Reachability.swift; sourceTree = "<group>"; };
		8D6DA1DC26E899050080E630 /* AudioManager.swift */ = {isa = PBXFileReference; fileEncoding = 4; lastKnownFileType = sourcecode.swift; path = AudioManager.swift; sourceTree = "<group>"; };
		8D6DA1DD26E899050080E630 /* SpeechModel.swift */ = {isa = PBXFileReference; fileEncoding = 4; lastKnownFileType = sourcecode.swift; path = SpeechModel.swift; sourceTree = "<group>"; };
		8D713FDA26EEEACE0064DE3A /* busy.gif */ = {isa = PBXFileReference; lastKnownFileType = image.gif; path = busy.gif; sourceTree = "<group>"; };
		8D74D79C27B24079006642E0 /* UnicodeGe.swift */ = {isa = PBXFileReference; fileEncoding = 4; lastKnownFileType = sourcecode.swift; path = UnicodeGe.swift; sourceTree = "<group>"; };
		8D74D79D27B24079006642E0 /* UnicodeKo.swift */ = {isa = PBXFileReference; fileEncoding = 4; lastKnownFileType = sourcecode.swift; path = UnicodeKo.swift; sourceTree = "<group>"; };
		8D74D79E27B24079006642E0 /* UnicodeFr.swift */ = {isa = PBXFileReference; fileEncoding = 4; lastKnownFileType = sourcecode.swift; path = UnicodeFr.swift; sourceTree = "<group>"; };
		8D74D79F27B24079006642E0 /* UnicodeIt.swift */ = {isa = PBXFileReference; fileEncoding = 4; lastKnownFileType = sourcecode.swift; path = UnicodeIt.swift; sourceTree = "<group>"; };
		8D74D7A027B24079006642E0 /* UnicodeEs.swift */ = {isa = PBXFileReference; fileEncoding = 4; lastKnownFileType = sourcecode.swift; path = UnicodeEs.swift; sourceTree = "<group>"; };
		8D74D7A827B27A98006642E0 /* UnicodeTr.swift */ = {isa = PBXFileReference; fileEncoding = 4; lastKnownFileType = sourcecode.swift; path = UnicodeTr.swift; sourceTree = "<group>"; };
		8D74D7AC27B27AAD006642E0 /* turkish.txt */ = {isa = PBXFileReference; fileEncoding = 4; lastKnownFileType = text; path = turkish.txt; sourceTree = "<group>"; };
		8D74D7B027B284C5006642E0 /* portuguese.txt */ = {isa = PBXFileReference; fileEncoding = 4; lastKnownFileType = text; path = portuguese.txt; sourceTree = "<group>"; };
		8D74D7B427B284DE006642E0 /* UnicodePt.swift */ = {isa = PBXFileReference; fileEncoding = 4; lastKnownFileType = sourcecode.swift; path = UnicodePt.swift; sourceTree = "<group>"; };
		8D75AE1F2794338200CB1E0B /* UnicodeId.swift */ = {isa = PBXFileReference; fileEncoding = 4; lastKnownFileType = sourcecode.swift; path = UnicodeId.swift; sourceTree = "<group>"; };
		8D769A0C265F3BED00C74FBA /* Assets.xcassets */ = {isa = PBXFileReference; lastKnownFileType = folder.assetcatalog; path = Assets.xcassets; sourceTree = "<group>"; };
		8D8323D427E437630068CBA1 /* AdUtil.swift */ = {isa = PBXFileReference; fileEncoding = 4; lastKnownFileType = sourcecode.swift; path = AdUtil.swift; sourceTree = "<group>"; };
		8D8323DC27E438600068CBA1 /* Utility.h */ = {isa = PBXFileReference; lastKnownFileType = sourcecode.c.h; path = Utility.h; sourceTree = "<group>"; };
		8D83240B27E450B60068CBA1 /* AdManager.swift */ = {isa = PBXFileReference; lastKnownFileType = sourcecode.swift; path = AdManager.swift; sourceTree = "<group>"; };
		8D8631CE27D7B1700078D877 /* punjabi.txt */ = {isa = PBXFileReference; fileEncoding = 4; lastKnownFileType = text; path = punjabi.txt; sourceTree = "<group>"; };
		8D8631CF27D7B1700078D877 /* telugu.txt */ = {isa = PBXFileReference; fileEncoding = 4; lastKnownFileType = text; path = telugu.txt; sourceTree = "<group>"; };
		8D8631D027D7B1700078D877 /* malayalam.txt */ = {isa = PBXFileReference; fileEncoding = 4; lastKnownFileType = text; path = malayalam.txt; sourceTree = "<group>"; };
		8D8631D127D7B1700078D877 /* sanskrit.txt */ = {isa = PBXFileReference; fileEncoding = 4; lastKnownFileType = text; path = sanskrit.txt; sourceTree = "<group>"; };
		8D8631D227D7B1710078D877 /* hindi.txt */ = {isa = PBXFileReference; fileEncoding = 4; lastKnownFileType = text; path = hindi.txt; sourceTree = "<group>"; };
		8D8631D327D7B1710078D877 /* tamil.txt */ = {isa = PBXFileReference; fileEncoding = 4; lastKnownFileType = text; path = tamil.txt; sourceTree = "<group>"; };
		8D8631D427D7B1710078D877 /* gujrati.txt */ = {isa = PBXFileReference; fileEncoding = 4; lastKnownFileType = text; path = gujrati.txt; sourceTree = "<group>"; };
		8D8631D527D7B1710078D877 /* nepali.txt */ = {isa = PBXFileReference; fileEncoding = 4; lastKnownFileType = text; path = nepali.txt; sourceTree = "<group>"; };
		8D8631D627D7B1720078D877 /* marathi.txt */ = {isa = PBXFileReference; fileEncoding = 4; lastKnownFileType = text; path = marathi.txt; sourceTree = "<group>"; };
		8D8631D727D7B1720078D877 /* oriya.txt */ = {isa = PBXFileReference; fileEncoding = 4; lastKnownFileType = text; path = oriya.txt; sourceTree = "<group>"; };
		8D8631D827D7B1720078D877 /* urdu.txt */ = {isa = PBXFileReference; fileEncoding = 4; lastKnownFileType = text; path = urdu.txt; sourceTree = "<group>"; };
		8D8631D927D7B1720078D877 /* kannada.txt */ = {isa = PBXFileReference; fileEncoding = 4; lastKnownFileType = text; path = kannada.txt; sourceTree = "<group>"; };
		8D8754CB26F58D4800199FEB /* KeyboardExtension.entitlements */ = {isa = PBXFileReference; lastKnownFileType = text.plist.entitlements; path = KeyboardExtension.entitlements; sourceTree = "<group>"; };
		8D8754CE26F58DA100199FEB /* KeyboardSwift.entitlements */ = {isa = PBXFileReference; lastKnownFileType = text.plist.entitlements; path = KeyboardSwift.entitlements; sourceTree = "<group>"; };
		8D8BCF5E26E7638B00615097 /* Errors.swift */ = {isa = PBXFileReference; fileEncoding = 4; lastKnownFileType = sourcecode.swift; path = Errors.swift; sourceTree = "<group>"; };
		8D8BCF7926E76E2200615097 /* Response.swift */ = {isa = PBXFileReference; fileEncoding = 4; lastKnownFileType = sourcecode.swift; path = Response.swift; sourceTree = "<group>"; };
		8D8BD6C5276A075000B77F6C /* UnicodeBn.swift */ = {isa = PBXFileReference; fileEncoding = 4; lastKnownFileType = sourcecode.swift; path = UnicodeBn.swift; sourceTree = "<group>"; };
		8D91CD452655E7EE00404F5D /* SceneDelegate.swift */ = {isa = PBXFileReference; fileEncoding = 4; lastKnownFileType = sourcecode.swift; path = SceneDelegate.swift; sourceTree = "<group>"; };
		8D91D30E27B7C3EB001BB9A4 /* en */ = {isa = PBXFileReference; lastKnownFileType = text.plist.strings; name = en; path = Base.lproj/en.lproj/Localizable.strings; sourceTree = "<group>"; };
		8D91D31227B7C403001BB9A4 /* fr */ = {isa = PBXFileReference; lastKnownFileType = text.plist.strings; name = fr; path = Base.lproj/fr.lproj/Localizable.strings; sourceTree = "<group>"; };
		8D91D33327B7F59E001BB9A4 /* bn */ = {isa = PBXFileReference; lastKnownFileType = text.plist.strings; name = bn; path = Base.lproj/bn.lproj/Localizable.strings; sourceTree = "<group>"; };
		8D9AA16D2682DEDC00EA136D /* AudioManager.swift */ = {isa = PBXFileReference; lastKnownFileType = sourcecode.swift; path = AudioManager.swift; sourceTree = "<group>"; };
		8D9F6700275B8756006E65BE /* words_en.txt */ = {isa = PBXFileReference; fileEncoding = 4; lastKnownFileType = text; path = words_en.txt; sourceTree = "<group>"; };
		8D9F89EA27AFF77800D6E517 /* bangla.txt */ = {isa = PBXFileReference; fileEncoding = 4; lastKnownFileType = text; path = bangla.txt; sourceTree = "<group>"; };
		8DA96A8427E97104009CF1E9 /* AppTrackingTransparency.framework */ = {isa = PBXFileReference; lastKnownFileType = wrapper.framework; name = AppTrackingTransparency.framework; path = System/Library/Frameworks/AppTrackingTransparency.framework; sourceTree = SDKROOT; };
		8DA96A8727E98E08009CF1E9 /* AdSupport.framework */ = {isa = PBXFileReference; lastKnownFileType = wrapper.framework; name = AdSupport.framework; path = System/Library/Frameworks/AdSupport.framework; sourceTree = SDKROOT; };
		8DB2747327E222B3000518B0 /* LoadingView.swift */ = {isa = PBXFileReference; fileEncoding = 4; lastKnownFileType = sourcecode.swift; path = LoadingView.swift; sourceTree = "<group>"; };
		8DB2747427E222B3000518B0 /* Triangle.swift */ = {isa = PBXFileReference; fileEncoding = 4; lastKnownFileType = sourcecode.swift; path = Triangle.swift; sourceTree = "<group>"; };
		8DB274B127E226C4000518B0 /* AdAppodeal.h */ = {isa = PBXFileReference; fileEncoding = 4; lastKnownFileType = sourcecode.c.h; path = AdAppodeal.h; sourceTree = "<group>"; };
		8DB274B327E226C4000518B0 /* AdmobAd.m */ = {isa = PBXFileReference; fileEncoding = 4; lastKnownFileType = sourcecode.c.objc; path = AdmobAd.m; sourceTree = "<group>"; };
		8DB274B527E226C4000518B0 /* AdsManager.m */ = {isa = PBXFileReference; fileEncoding = 4; lastKnownFileType = sourcecode.c.objc; path = AdsManager.m; sourceTree = "<group>"; };
		8DB274B627E226C4000518B0 /* AdAppodeal.xib */ = {isa = PBXFileReference; fileEncoding = 4; lastKnownFileType = file.xib; path = AdAppodeal.xib; sourceTree = "<group>"; };
		8DB274B727E226C4000518B0 /* AdAppodeal.m */ = {isa = PBXFileReference; fileEncoding = 4; lastKnownFileType = sourcecode.c.objc; path = AdAppodeal.m; sourceTree = "<group>"; };
		8DB274B827E226C4000518B0 /* AdmobAd.xib */ = {isa = PBXFileReference; fileEncoding = 4; lastKnownFileType = file.xib; path = AdmobAd.xib; sourceTree = "<group>"; };
		8DB274B927E226C4000518B0 /* AdmobAd.h */ = {isa = PBXFileReference; fileEncoding = 4; lastKnownFileType = sourcecode.c.h; path = AdmobAd.h; sourceTree = "<group>"; };
		8DB274BB27E226C4000518B0 /* AdsManager.h */ = {isa = PBXFileReference; fileEncoding = 4; lastKnownFileType = sourcecode.c.h; path = AdsManager.h; sourceTree = "<group>"; };
		8DBB158825EAEA840092F88B /* KeyboardExtension-Bridging-Header.h */ = {isa = PBXFileReference; lastKnownFileType = sourcecode.c.h; path = "KeyboardExtension-Bridging-Header.h"; sourceTree = "<group>"; };
		8DBF98E527E3866200119E68 /* AdmobController.swift */ = {isa = PBXFileReference; lastKnownFileType = sourcecode.swift; path = AdmobController.swift; sourceTree = "<group>"; };
		8DBF98E627E3866200119E68 /* AdmobController.xib */ = {isa = PBXFileReference; lastKnownFileType = file.xib; path = AdmobController.xib; sourceTree = "<group>"; };
		8DCFBF20278ED17D0093140C /* bahasa.txt */ = {isa = PBXFileReference; fileEncoding = 4; lastKnownFileType = text; path = bahasa.txt; sourceTree = "<group>"; };
		8DD5073D2681596B00377CBD /* APIKey.swift */ = {isa = PBXFileReference; fileEncoding = 4; lastKnownFileType = sourcecode.swift; path = APIKey.swift; sourceTree = "<group>"; };
		8DD5073E2681596B00377CBD /* APIUrl.swift */ = {isa = PBXFileReference; fileEncoding = 4; lastKnownFileType = sourcecode.swift; path = APIUrl.swift; sourceTree = "<group>"; };
		8DD507422681596B00377CBD /* Reachability.swift */ = {isa = PBXFileReference; fileEncoding = 4; lastKnownFileType = sourcecode.swift; path = Reachability.swift; sourceTree = "<group>"; };
		8DD5075D26815EF800377CBD /* Utils.swift */ = {isa = PBXFileReference; fileEncoding = 4; lastKnownFileType = sourcecode.swift; path = Utils.swift; sourceTree = "<group>"; };
		8DD5076626815FEA00377CBD /* bangla.flac */ = {isa = PBXFileReference; lastKnownFileType = file; path = bangla.flac; sourceTree = "<group>"; };
		8DD5076726815FEA00377CBD /* good-morning-google.flac */ = {isa = PBXFileReference; lastKnownFileType = file; path = "good-morning-google.flac"; sourceTree = "<group>"; };
		8DD5076826815FEA00377CBD /* hello (16bit PCM).wav */ = {isa = PBXFileReference; lastKnownFileType = audio.wav; path = "hello (16bit PCM).wav"; sourceTree = "<group>"; };
		8DD507752681644A00377CBD /* SpeechModel.swift */ = {isa = PBXFileReference; fileEncoding = 4; lastKnownFileType = sourcecode.swift; path = SpeechModel.swift; sourceTree = "<group>"; };
		8DD77819276231920088E282 /* words.txt */ = {isa = PBXFileReference; fileEncoding = 4; lastKnownFileType = text; path = words.txt; sourceTree = "<group>"; };
		8DE7F94825E4474A00D3C48A /* KeyboardSwift.app */ = {isa = PBXFileReference; explicitFileType = wrapper.application; includeInIndex = 0; path = KeyboardSwift.app; sourceTree = BUILT_PRODUCTS_DIR; };
		8DE7F94B25E4474A00D3C48A /* AppDelegate.swift */ = {isa = PBXFileReference; lastKnownFileType = sourcecode.swift; path = AppDelegate.swift; sourceTree = "<group>"; };
		8DE7F94F25E4474A00D3C48A /* HomeViewController.swift */ = {isa = PBXFileReference; lastKnownFileType = sourcecode.swift; path = HomeViewController.swift; sourceTree = "<group>"; };
		8DE7F95225E4474A00D3C48A /* Base */ = {isa = PBXFileReference; lastKnownFileType = file.storyboard; name = Base; path = Base.lproj/Main.storyboard; sourceTree = "<group>"; };
		8DE7F95425E4476900D3C48A /* Assets.xcassets */ = {isa = PBXFileReference; lastKnownFileType = folder.assetcatalog; path = Assets.xcassets; sourceTree = "<group>"; };
		8DE7F95725E4476900D3C48A /* Base */ = {isa = PBXFileReference; lastKnownFileType = file.storyboard; name = Base; path = Base.lproj/LaunchScreen.storyboard; sourceTree = "<group>"; };
		8DE7F95925E4476900D3C48A /* Info.plist */ = {isa = PBXFileReference; lastKnownFileType = text.plist.xml; path = Info.plist; sourceTree = "<group>"; };
		8DE7F9C125E4784200D3C48A /* KeyboardExtension.appex */ = {isa = PBXFileReference; explicitFileType = "wrapper.app-extension"; includeInIndex = 0; path = KeyboardExtension.appex; sourceTree = BUILT_PRODUCTS_DIR; };
		8DE7F9C325E4784200D3C48A /* KeyboardViewController.swift */ = {isa = PBXFileReference; lastKnownFileType = sourcecode.swift; path = KeyboardViewController.swift; sourceTree = "<group>"; };
		8DE7F9C525E4784200D3C48A /* Info.plist */ = {isa = PBXFileReference; lastKnownFileType = text.plist.xml; path = Info.plist; sourceTree = "<group>"; };
		8DE7FA2325E4C6E700D3C48A /* KeyboardView.swift */ = {isa = PBXFileReference; fileEncoding = 4; lastKnownFileType = sourcecode.swift; path = KeyboardView.swift; sourceTree = "<group>"; };
		8DE7FA2525E4C6E700D3C48A /* KeyboardButton.swift */ = {isa = PBXFileReference; fileEncoding = 4; lastKnownFileType = sourcecode.swift; path = KeyboardButton.swift; sourceTree = "<group>"; };
		8DF36877266C20670098EA60 /* ColorExtension.swift */ = {isa = PBXFileReference; lastKnownFileType = sourcecode.swift; path = ColorExtension.swift; sourceTree = "<group>"; };
		8DF3FC2127AC18160062BE1E /* JHKeyPopup.swift */ = {isa = PBXFileReference; fileEncoding = 4; lastKnownFileType = sourcecode.swift; path = JHKeyPopup.swift; sourceTree = "<group>"; };
		8DFDDA2A27E2F947005AD90B /* KeyboardSwift-Bridging-Header.h */ = {isa = PBXFileReference; lastKnownFileType = sourcecode.c.h; path = "KeyboardSwift-Bridging-Header.h"; sourceTree = "<group>"; };
		8DFDDA8427E2F9C5005AD90B /* FirebaseHelper.h */ = {isa = PBXFileReference; fileEncoding = 4; lastKnownFileType = sourcecode.c.h; path = FirebaseHelper.h; sourceTree = "<group>"; };
		8DFDDA8527E2F9C5005AD90B /* FirebaseHelper.m */ = {isa = PBXFileReference; fileEncoding = 4; lastKnownFileType = sourcecode.c.objc; path = FirebaseHelper.m; sourceTree = "<group>"; };
		8DFDDA8627E2F9C5005AD90B /* FirebaseManager.swift */ = {isa = PBXFileReference; fileEncoding = 4; lastKnownFileType = sourcecode.swift; path = FirebaseManager.swift; sourceTree = "<group>"; };
		8DFDDB2F27E2FF16005AD90B /* GoogleService-Info.plist */ = {isa = PBXFileReference; fileEncoding = 4; lastKnownFileType = text.plist.xml; path = "GoogleService-Info.plist"; sourceTree = "<group>"; };
		CE140A8ED17D9190193F0AC2 /* Pods_KeyboardSwift.framework */ = {isa = PBXFileReference; explicitFileType = wrapper.framework; includeInIndex = 0; path = Pods_KeyboardSwift.framework; sourceTree = BUILT_PRODUCTS_DIR; };
		DA8C7C06C69151D7EB853273 /* Pods-KeyboardSwift.release.xcconfig */ = {isa = PBXFileReference; includeInIndex = 1; lastKnownFileType = text.xcconfig; name = "Pods-KeyboardSwift.release.xcconfig"; path = "Target Support Files/Pods-KeyboardSwift/Pods-KeyboardSwift.release.xcconfig"; sourceTree = "<group>"; };
		E3FF41B884FEBDE88E1CD54E /* Pods-KeyboardSwift.debug.xcconfig */ = {isa = PBXFileReference; includeInIndex = 1; lastKnownFileType = text.xcconfig; name = "Pods-KeyboardSwift.debug.xcconfig"; path = "Target Support Files/Pods-KeyboardSwift/Pods-KeyboardSwift.debug.xcconfig"; sourceTree = "<group>"; };
/* End PBXFileReference section */

/* Begin PBXFrameworksBuildPhase section */
		8DE7F94525E4474A00D3C48A /* Frameworks */ = {
			isa = PBXFrameworksBuildPhase;
			buildActionMask = 2147483647;
			files = (
				9FC6BAA61BF598B1DCB0F57A /* Pods_KeyboardSwift.framework in Frameworks */,
				8DA96A8627E972B9009CF1E9 /* AppTrackingTransparency.framework in Frameworks */,
				8DA96A8827E98E08009CF1E9 /* AdSupport.framework in Frameworks */,
			);
			runOnlyForDeploymentPostprocessing = 0;
		};
		8DE7F9BE25E4784200D3C48A /* Frameworks */ = {
			isa = PBXFrameworksBuildPhase;
			buildActionMask = 2147483647;
			files = (
			);
			runOnlyForDeploymentPostprocessing = 0;
		};
/* End PBXFrameworksBuildPhase section */

/* Begin PBXGroup section */
		4180F7C0840B7C14EDBBF46E /* Pods */ = {
			isa = PBXGroup;
			children = (
				E3FF41B884FEBDE88E1CD54E /* Pods-KeyboardSwift.debug.xcconfig */,
				DA8C7C06C69151D7EB853273 /* Pods-KeyboardSwift.release.xcconfig */,
			);
			path = Pods;
			sourceTree = "<group>";
		};
		7EDB6B80959915E54933A114 /* Frameworks */ = {
			isa = PBXGroup;
			children = (
				8DA96A8727E98E08009CF1E9 /* AdSupport.framework */,
				8DA96A8427E97104009CF1E9 /* AppTrackingTransparency.framework */,
				CE140A8ED17D9190193F0AC2 /* Pods_KeyboardSwift.framework */,
			);
			name = Frameworks;
			sourceTree = "<group>";
		};
		8D496A2B26388F2E001DE455 /* HintBar */ = {
			isa = PBXGroup;
			children = (
				8D9F89E927AFF77800D6E517 /* Words */,
				8D496A2C26388F7D001DE455 /* HintBarManager.swift */,
			);
			path = HintBar;
			sourceTree = "<group>";
		};
		8D4D346727C48FA90007396F /* Indian */ = {
			isa = PBXGroup;
			children = (
				8D4D346A27C48FA90007396F /* UnicodeGujarati.swift */,
				8D4D347127C48FA90007396F /* UnicodeHindi.swift */,
				8D4D346827C48FA90007396F /* UnicodeKannada.swift */,
				8D4D346C27C48FA90007396F /* UnicodeMalayalam.swift */,
				8D4D347227C48FA90007396F /* UnicodeMarathi.swift */,
				8D4D347027C48FA90007396F /* UnicodeNepali.swift */,
				8D4D346E27C48FA90007396F /* UnicodeOriya.swift */,
				8D4D346F27C48FA90007396F /* UnicodePunjabi.swift */,
				8D4D346D27C48FA90007396F /* UnicodeSanskrit.swift */,
				8D4D346927C48FA90007396F /* UnicodeTamil.swift */,
				8D4D346B27C48FA90007396F /* UnicodeTelugu.swift */,
			);
			path = Indian;
			sourceTree = "<group>";
		};
		8D6CBEA226E8955100F8D7FC /* API */ = {
			isa = PBXGroup;
			children = (
				8D6CBEAE26E8960D00F8D7FC /* Errors.swift */,
				8D6CBEAA26E8960D00F8D7FC /* APIKey.swift */,
				8D6CBEAD26E8960D00F8D7FC /* APIUrl.swift */,
				8D6CBEAF26E8960D00F8D7FC /* Response.swift */,
				8D6CBEAB26E8960D00F8D7FC /* APIRequest.swift */,
			);
			path = API;
			sourceTree = "<group>";
		};
		8D6DA1D926E899050080E630 /* Reachability */ = {
			isa = PBXGroup;
			children = (
				8D6DA1DA26E899050080E630 /* Reachability.swift */,
			);
			path = Reachability;
			sourceTree = "<group>";
		};
		8D6DA1DB26E899050080E630 /* Speech */ = {
			isa = PBXGroup;
			children = (
				8D6DA1DC26E899050080E630 /* AudioManager.swift */,
				8D6DA1DD26E899050080E630 /* SpeechModel.swift */,
			);
			path = Speech;
			sourceTree = "<group>";
		};
		8D8631BF27D7921D0078D877 /* Indian */ = {
			isa = PBXGroup;
			children = (
				8D8631D427D7B1710078D877 /* gujrati.txt */,
				8D8631D227D7B1710078D877 /* hindi.txt */,
				8D8631D927D7B1720078D877 /* kannada.txt */,
				8D8631D027D7B1700078D877 /* malayalam.txt */,
				8D8631D627D7B1720078D877 /* marathi.txt */,
				8D8631D527D7B1710078D877 /* nepali.txt */,
				8D8631D727D7B1720078D877 /* oriya.txt */,
				8D8631CE27D7B1700078D877 /* punjabi.txt */,
				8D8631D127D7B1700078D877 /* sanskrit.txt */,
				8D8631D327D7B1710078D877 /* tamil.txt */,
				8D8631CF27D7B1700078D877 /* telugu.txt */,
				8D8631D827D7B1720078D877 /* urdu.txt */,
			);
			path = Indian;
			sourceTree = "<group>";
		};
		8D9F89E927AFF77800D6E517 /* Words */ = {
			isa = PBXGroup;
			children = (
				8D8631BF27D7921D0078D877 /* Indian */,
				8D9F6700275B8756006E65BE /* words_en.txt */,
				8DD77819276231920088E282 /* words.txt */,
				8DCFBF20278ED17D0093140C /* bahasa.txt */,
				8D3E230B279BCF280067DC30 /* russian.txt */,
				8D9F89EA27AFF77800D6E517 /* bangla.txt */,
				8D02F5F027B174EE008AA6E3 /* spanish.txt */,
				8D02F5F427B178B9008AA6E3 /* french.txt */,
				8D02F5F727B178B9008AA6E3 /* german.txt */,
				8D02F5F527B178B9008AA6E3 /* italian.txt */,
				8D02F5F627B178B9008AA6E3 /* korean.txt */,
				8D74D7AC27B27AAD006642E0 /* turkish.txt */,
				8D74D7B027B284C5006642E0 /* portuguese.txt */,
			);
			path = Words;
			sourceTree = "<group>";
		};
		8D9F8A0827AFFF2000D6E517 /* Alphabet */ = {
			isa = PBXGroup;
			children = (
				8D4D346727C48FA90007396F /* Indian */,
				8D552EE326484C4000866DEF /* UnicodeEn.swift */,
				8D8BD6C5276A075000B77F6C /* UnicodeBn.swift */,
				8D4D348A27C495BA0007396F /* UnicodeUrdu.swift */,
				8D75AE1F2794338200CB1E0B /* UnicodeId.swift */,
				8D3E230F279BCFAB0067DC30 /* UnicodeRu.swift */,
				8D74D7A027B24079006642E0 /* UnicodeEs.swift */,
				8D74D79E27B24079006642E0 /* UnicodeFr.swift */,
				8D74D79C27B24079006642E0 /* UnicodeGe.swift */,
				8D74D79F27B24079006642E0 /* UnicodeIt.swift */,
				8D74D79D27B24079006642E0 /* UnicodeKo.swift */,
				8D74D7A827B27A98006642E0 /* UnicodeTr.swift */,
				8D74D7B427B284DE006642E0 /* UnicodePt.swift */,
			);
			path = Alphabet;
			sourceTree = "<group>";
		};
		8DB2747127E222B3000518B0 /* LoadingView */ = {
			isa = PBXGroup;
			children = (
				8DB2747327E222B3000518B0 /* LoadingView.swift */,
				8DB2747427E222B3000518B0 /* Triangle.swift */,
			);
			path = LoadingView;
			sourceTree = SOURCE_ROOT;
		};
		8DB274B027E226C4000518B0 /* AdsManager */ = {
			isa = PBXGroup;
			children = (
				8D83240B27E450B60068CBA1 /* AdManager.swift */,
				8DBF98E527E3866200119E68 /* AdmobController.swift */,
				8DBF98E627E3866200119E68 /* AdmobController.xib */,
				8DB274BB27E226C4000518B0 /* AdsManager.h */,
				8DB274B527E226C4000518B0 /* AdsManager.m */,
				8DB274B927E226C4000518B0 /* AdmobAd.h */,
				8DB274B327E226C4000518B0 /* AdmobAd.m */,
				8DB274B827E226C4000518B0 /* AdmobAd.xib */,
				8DB274B127E226C4000518B0 /* AdAppodeal.h */,
				8DB274B727E226C4000518B0 /* AdAppodeal.m */,
				8DB274B627E226C4000518B0 /* AdAppodeal.xib */,
				8D8323D427E437630068CBA1 /* AdUtil.swift */,
			);
			path = AdsManager;
			sourceTree = SOURCE_ROOT;
		};
		8DD5073C2681596B00377CBD /* API */ = {
			isa = PBXGroup;
			children = (
				8D8BCF5E26E7638B00615097 /* Errors.swift */,
				8DD5073E2681596B00377CBD /* APIUrl.swift */,
				8DD5073D2681596B00377CBD /* APIKey.swift */,
				8D8BCF7926E76E2200615097 /* Response.swift */,
				8D6DA1D526E897FA0080E630 /* APIRequest.swift */,
			);
			path = API;
			sourceTree = "<group>";
		};
		8DD507412681596B00377CBD /* Reachability */ = {
			isa = PBXGroup;
			children = (
				8DD507422681596B00377CBD /* Reachability.swift */,
			);
			path = Reachability;
			sourceTree = "<group>";
		};
		8DD5076526815FEA00377CBD /* sound */ = {
			isa = PBXGroup;
			children = (
				8DD5076626815FEA00377CBD /* bangla.flac */,
				8DD5076726815FEA00377CBD /* good-morning-google.flac */,
				8DD5076826815FEA00377CBD /* hello (16bit PCM).wav */,
			);
			path = sound;
			sourceTree = "<group>";
		};
		8DD507742681644A00377CBD /* Speech */ = {
			isa = PBXGroup;
			children = (
				8DD507752681644A00377CBD /* SpeechModel.swift */,
				8D9AA16D2682DEDC00EA136D /* AudioManager.swift */,
			);
			name = Speech;
			path = KeyboardSwift/Speech;
			sourceTree = SOURCE_ROOT;
		};
		8DE7F93F25E4474A00D3C48A = {
			isa = PBXGroup;
			children = (
				8DFDDA2A27E2F947005AD90B /* KeyboardSwift-Bridging-Header.h */,
				8DE7F94A25E4474A00D3C48A /* KeyboardSwift */,
				8DE7F9C225E4784200D3C48A /* KeyboardExtension */,
				8DE7F94925E4474A00D3C48A /* Products */,
				4180F7C0840B7C14EDBBF46E /* Pods */,
				7EDB6B80959915E54933A114 /* Frameworks */,
			);
			sourceTree = "<group>";
		};
		8DE7F94925E4474A00D3C48A /* Products */ = {
			isa = PBXGroup;
			children = (
				8DE7F94825E4474A00D3C48A /* KeyboardSwift.app */,
				8DE7F9C125E4784200D3C48A /* KeyboardExtension.appex */,
			);
			name = Products;
			sourceTree = "<group>";
		};
		8DE7F94A25E4474A00D3C48A /* KeyboardSwift */ = {
			isa = PBXGroup;
			children = (
				8D8754CE26F58DA100199FEB /* KeyboardSwift.entitlements */,
				8DFDDA8327E2F9C5005AD90B /* Firebase */,
				8DB274B027E226C4000518B0 /* AdsManager */,
				8DB2747127E222B3000518B0 /* LoadingView */,
				8DD5073C2681596B00377CBD /* API */,
				8DD507742681644A00377CBD /* Speech */,
				8DD507412681596B00377CBD /* Reachability */,
				8DE7F94B25E4474A00D3C48A /* AppDelegate.swift */,
				8D91CD452655E7EE00404F5D /* SceneDelegate.swift */,
				8DE7F94F25E4474A00D3C48A /* HomeViewController.swift */,
				8DD5075D26815EF800377CBD /* Utils.swift */,
				8D8323DC27E438600068CBA1 /* Utility.h */,
				8D3129E127303B55001EE3C3 /* SharedClass.swift */,
				8DE7F95125E4474A00D3C48A /* Main.storyboard */,
				8DE7F95425E4476900D3C48A /* Assets.xcassets */,
				8DE7F95625E4476900D3C48A /* LaunchScreen.storyboard */,
				8D713FDA26EEEACE0064DE3A /* busy.gif */,
				8DE7F95925E4476900D3C48A /* Info.plist */,
				8DFDDB2F27E2FF16005AD90B /* GoogleService-Info.plist */,
				8D91D30D27B7C3EB001BB9A4 /* Localizable.strings */,
				8DD5076526815FEA00377CBD /* sound */,
			);
			path = KeyboardSwift;
			sourceTree = "<group>";
		};
		8DE7F9C225E4784200D3C48A /* KeyboardExtension */ = {
			isa = PBXGroup;
			children = (
				8D8754CB26F58D4800199FEB /* KeyboardExtension.entitlements */,
				8D6CBEA226E8955100F8D7FC /* API */,
				8D6DA1DB26E899050080E630 /* Speech */,
				8D6DA1D926E899050080E630 /* Reachability */,
				8D496A2B26388F2E001DE455 /* HintBar */,
				8DE7FA2225E4C6E700D3C48A /* KeyboardView */,
				8DE7F9C325E4784200D3C48A /* KeyboardViewController.swift */,
				8D769A0C265F3BED00C74FBA /* Assets.xcassets */,
				8D2B61D6275A5FE80099DE30 /* key_sound.mp3 */,
				8DE7F9C525E4784200D3C48A /* Info.plist */,
			);
			path = KeyboardExtension;
			sourceTree = "<group>";
		};
		8DE7FA2225E4C6E700D3C48A /* KeyboardView */ = {
			isa = PBXGroup;
			children = (
				8D9F8A0827AFFF2000D6E517 /* Alphabet */,
				8D06A3E225E6EC6800E3B47E /* JhUtil.swift */,
				8D4E8152266D8F770073B3B6 /* Color.swift */,
				8D59B2242669AD2C0034A967 /* Extension.swift */,
				8DF36877266C20670098EA60 /* ColorExtension.swift */,
				8DE7FA2525E4C6E700D3C48A /* KeyboardButton.swift */,
				8DF3FC2127AC18160062BE1E /* JHKeyPopup.swift */,
				8DE7FA2325E4C6E700D3C48A /* KeyboardView.swift */,
				8DBB158825EAEA840092F88B /* KeyboardExtension-Bridging-Header.h */,
			);
			path = KeyboardView;
			sourceTree = "<group>";
		};
		8DFDDA8327E2F9C5005AD90B /* Firebase */ = {
			isa = PBXGroup;
			children = (
				8DFDDA8427E2F9C5005AD90B /* FirebaseHelper.h */,
				8DFDDA8527E2F9C5005AD90B /* FirebaseHelper.m */,
				8DFDDA8627E2F9C5005AD90B /* FirebaseManager.swift */,
			);
			path = Firebase;
			sourceTree = SOURCE_ROOT;
		};
/* End PBXGroup section */

/* Begin PBXNativeTarget section */
		8DE7F94725E4474A00D3C48A /* KeyboardSwift */ = {
			isa = PBXNativeTarget;
			buildConfigurationList = 8DE7F95C25E4476900D3C48A /* Build configuration list for PBXNativeTarget "KeyboardSwift" */;
			buildPhases = (
				AAF6F125E3918359DA1AA034 /* [CP] Check Pods Manifest.lock */,
				8DE7F94425E4474A00D3C48A /* Sources */,
				8DE7F94525E4474A00D3C48A /* Frameworks */,
				8DE7F94625E4474A00D3C48A /* Resources */,
				8DE7F9CC25E4784200D3C48A /* Embed App Extensions */,
				8A052C281F5841A3E4D17FC3 /* [CP] Embed Pods Frameworks */,
				7A6FF71D49CC9C06C7FE2307 /* [CP] Copy Pods Resources */,
			);
			buildRules = (
			);
			dependencies = (
				8DE7F9C725E4784200D3C48A /* PBXTargetDependency */,
			);
			name = KeyboardSwift;
			productName = KeyboardSwift;
			productReference = 8DE7F94825E4474A00D3C48A /* KeyboardSwift.app */;
			productType = "com.apple.product-type.application";
		};
		8DE7F9C025E4784200D3C48A /* KeyboardExtension */ = {
			isa = PBXNativeTarget;
			buildConfigurationList = 8DE7F9C925E4784200D3C48A /* Build configuration list for PBXNativeTarget "KeyboardExtension" */;
			buildPhases = (
				8DE7F9BD25E4784200D3C48A /* Sources */,
				8DE7F9BE25E4784200D3C48A /* Frameworks */,
				8DE7F9BF25E4784200D3C48A /* Resources */,
			);
			buildRules = (
			);
			dependencies = (
			);
			name = KeyboardExtension;
			productName = KeyboardExtension;
			productReference = 8DE7F9C125E4784200D3C48A /* KeyboardExtension.appex */;
			productType = "com.apple.product-type.app-extension";
		};
/* End PBXNativeTarget section */

/* Begin PBXProject section */
		8DE7F94025E4474A00D3C48A /* Project object */ = {
			isa = PBXProject;
			attributes = {
				LastSwiftUpdateCheck = 1220;
				LastUpgradeCheck = 1220;
				TargetAttributes = {
					8DE7F94725E4474A00D3C48A = {
						CreatedOnToolsVersion = 12.2;
					};
					8DE7F9C025E4784200D3C48A = {
						CreatedOnToolsVersion = 12.2;
						LastSwiftMigration = 1220;
					};
				};
			};
			buildConfigurationList = 8DE7F94325E4474A00D3C48A /* Build configuration list for PBXProject "KeyboardSwift" */;
			compatibilityVersion = "Xcode 9.3";
			developmentRegion = en;
			hasScannedForEncodings = 0;
			knownRegions = (
				en,
				Base,
				fr,
				bn,
			);
			mainGroup = 8DE7F93F25E4474A00D3C48A;
			productRefGroup = 8DE7F94925E4474A00D3C48A /* Products */;
			projectDirPath = "";
			projectRoot = "";
			targets = (
				8DE7F94725E4474A00D3C48A /* KeyboardSwift */,
				8DE7F9C025E4784200D3C48A /* KeyboardExtension */,
			);
		};
/* End PBXProject section */

/* Begin PBXResourcesBuildPhase section */
		8DE7F94625E4474A00D3C48A /* Resources */ = {
			isa = PBXResourcesBuildPhase;
			buildActionMask = 2147483647;
			files = (
				8DD5076C26815FEB00377CBD /* hello (16bit PCM).wav in Resources */,
				8DB274C227E226C4000518B0 /* AdmobAd.xib in Resources */,
				8DE7F95825E4476900D3C48A /* LaunchScreen.storyboard in Resources */,
				8DE7F95525E4476900D3C48A /* Assets.xcassets in Resources */,
				8DE7F95325E4474A00D3C48A /* Main.storyboard in Resources */,
				8DB274C027E226C4000518B0 /* AdAppodeal.xib in Resources */,
				8DD5076A26815FEB00377CBD /* bangla.flac in Resources */,
				8D91D30F27B7C3EC001BB9A4 /* Localizable.strings in Resources */,
				8DFDDB3027E2FF16005AD90B /* GoogleService-Info.plist in Resources */,
				8D713FDB26EEEACE0064DE3A /* busy.gif in Resources */,
				8DD5076B26815FEB00377CBD /* good-morning-google.flac in Resources */,
				8DBF98E827E3866200119E68 /* AdmobController.xib in Resources */,
			);
			runOnlyForDeploymentPostprocessing = 0;
		};
		8DE7F9BF25E4784200D3C48A /* Resources */ = {
			isa = PBXResourcesBuildPhase;
			buildActionMask = 2147483647;
			files = (
				8D3E230C279BCF280067DC30 /* russian.txt in Resources */,
				8D2B61D7275A5FE80099DE30 /* key_sound.mp3 in Resources */,
				8D8631DD27D7B1730078D877 /* sanskrit.txt in Resources */,
				8D8631E227D7B1730078D877 /* marathi.txt in Resources */,
				8D8631E427D7B1730078D877 /* urdu.txt in Resources */,
				8D74D7B127B284C5006642E0 /* portuguese.txt in Resources */,
				8D8631E527D7B1730078D877 /* kannada.txt in Resources */,
				8D8631DB27D7B1730078D877 /* telugu.txt in Resources */,
				8D02F5FA27B178B9008AA6E3 /* korean.txt in Resources */,
				8D74D7AD27B27AAD006642E0 /* turkish.txt in Resources */,
				8D02F5F927B178B9008AA6E3 /* italian.txt in Resources */,
				8D02F5F827B178B9008AA6E3 /* french.txt in Resources */,
				8D9F6701275B8756006E65BE /* words_en.txt in Resources */,
				8D02F5F127B174EE008AA6E3 /* spanish.txt in Resources */,
				8D8631E027D7B1730078D877 /* gujrati.txt in Resources */,
				8D8631E127D7B1730078D877 /* nepali.txt in Resources */,
				8D9F89EB27AFF77800D6E517 /* bangla.txt in Resources */,
				8D8631DA27D7B1730078D877 /* punjabi.txt in Resources */,
				8D140F4A26C0E4A200512477 /* bangla.flac in Resources */,
				8D68831526E8D6400008D7D8 /* good-morning-google.flac in Resources */,
				8D769A0D265F3BED00C74FBA /* Assets.xcassets in Resources */,
				8D91D33627B7FBAB001BB9A4 /* Localizable.strings in Resources */,
				8D8631E327D7B1730078D877 /* oriya.txt in Resources */,
				8DCFBF21278ED17D0093140C /* bahasa.txt in Resources */,
				8D02F5FB27B178B9008AA6E3 /* german.txt in Resources */,
				8D8631DE27D7B1730078D877 /* hindi.txt in Resources */,
				8DD7781A276231920088E282 /* words.txt in Resources */,
				8D8631DF27D7B1730078D877 /* tamil.txt in Resources */,
				8D8631DC27D7B1730078D877 /* malayalam.txt in Resources */,
				8D68831826E8D6430008D7D8 /* hello (16bit PCM).wav in Resources */,
			);
			runOnlyForDeploymentPostprocessing = 0;
		};
/* End PBXResourcesBuildPhase section */

/* Begin PBXShellScriptBuildPhase section */
		7A6FF71D49CC9C06C7FE2307 /* [CP] Copy Pods Resources */ = {
			isa = PBXShellScriptBuildPhase;
			buildActionMask = 2147483647;
			files = (
			);
			inputFileListPaths = (
				"${PODS_ROOT}/Target Support Files/Pods-KeyboardSwift/Pods-KeyboardSwift-resources-${CONFIGURATION}-input-files.xcfilelist",
			);
			name = "[CP] Copy Pods Resources";
			outputFileListPaths = (
				"${PODS_ROOT}/Target Support Files/Pods-KeyboardSwift/Pods-KeyboardSwift-resources-${CONFIGURATION}-output-files.xcfilelist",
			);
			runOnlyForDeploymentPostprocessing = 0;
			shellPath = /bin/sh;
			shellScript = "\"${PODS_ROOT}/Target Support Files/Pods-KeyboardSwift/Pods-KeyboardSwift-resources.sh\"\n";
			showEnvVarsInLog = 0;
		};
		8A052C281F5841A3E4D17FC3 /* [CP] Embed Pods Frameworks */ = {
			isa = PBXShellScriptBuildPhase;
			buildActionMask = 2147483647;
			files = (
			);
			inputFileListPaths = (
				"${PODS_ROOT}/Target Support Files/Pods-KeyboardSwift/Pods-KeyboardSwift-frameworks-${CONFIGURATION}-input-files.xcfilelist",
			);
			name = "[CP] Embed Pods Frameworks";
			outputFileListPaths = (
				"${PODS_ROOT}/Target Support Files/Pods-KeyboardSwift/Pods-KeyboardSwift-frameworks-${CONFIGURATION}-output-files.xcfilelist",
			);
			runOnlyForDeploymentPostprocessing = 0;
			shellPath = /bin/sh;
			shellScript = "\"${PODS_ROOT}/Target Support Files/Pods-KeyboardSwift/Pods-KeyboardSwift-frameworks.sh\"\n";
			showEnvVarsInLog = 0;
		};
		AAF6F125E3918359DA1AA034 /* [CP] Check Pods Manifest.lock */ = {
			isa = PBXShellScriptBuildPhase;
			buildActionMask = 2147483647;
			files = (
			);
			inputFileListPaths = (
			);
			inputPaths = (
				"${PODS_PODFILE_DIR_PATH}/Podfile.lock",
				"${PODS_ROOT}/Manifest.lock",
			);
			name = "[CP] Check Pods Manifest.lock";
			outputFileListPaths = (
			);
			outputPaths = (
				"$(DERIVED_FILE_DIR)/Pods-KeyboardSwift-checkManifestLockResult.txt",
			);
			runOnlyForDeploymentPostprocessing = 0;
			shellPath = /bin/sh;
			shellScript = "diff \"${PODS_PODFILE_DIR_PATH}/Podfile.lock\" \"${PODS_ROOT}/Manifest.lock\" > /dev/null\nif [ $? != 0 ] ; then\n    # print error to STDERR\n    echo \"error: The sandbox is not in sync with the Podfile.lock. Run 'pod install' or update your CocoaPods installation.\" >&2\n    exit 1\nfi\n# This output is used by Xcode 'outputs' to avoid re-running this script phase.\necho \"SUCCESS\" > \"${SCRIPT_OUTPUT_FILE_0}\"\n";
			showEnvVarsInLog = 0;
		};
/* End PBXShellScriptBuildPhase section */

/* Begin PBXSourcesBuildPhase section */
		8DE7F94425E4474A00D3C48A /* Sources */ = {
			isa = PBXSourcesBuildPhase;
			buildActionMask = 2147483647;
			files = (
				8DB274BD27E226C4000518B0 /* AdmobAd.m in Sources */,
				8DD507462681596B00377CBD /* APIKey.swift in Sources */,
				8D91CD462655E7EF00404F5D /* SceneDelegate.swift in Sources */,
				8DD5075E26815EF800377CBD /* Utils.swift in Sources */,
				8D8323D527E437640068CBA1 /* AdUtil.swift in Sources */,
				8DB2747727E222B3000518B0 /* Triangle.swift in Sources */,
				8DBF98E727E3866200119E68 /* AdmobController.swift in Sources */,
				8DD507472681596B00377CBD /* APIUrl.swift in Sources */,
				8DB274C127E226C4000518B0 /* AdAppodeal.m in Sources */,
				8D8BCF7A26E76E2200615097 /* Response.swift in Sources */,
				8D3129E227303B55001EE3C3 /* SharedClass.swift in Sources */,
				8DFDDA8727E2F9C5005AD90B /* FirebaseHelper.m in Sources */,
				8DB274BF27E226C4000518B0 /* AdsManager.m in Sources */,
				8DD507762681644A00377CBD /* SpeechModel.swift in Sources */,
				8DFDDA8827E2F9C5005AD90B /* FirebaseManager.swift in Sources */,
				8D6DA1D626E897FA0080E630 /* APIRequest.swift in Sources */,
				8D8BCF5F26E7638B00615097 /* Errors.swift in Sources */,
				8DD5074A2681596B00377CBD /* Reachability.swift in Sources */,
				8DE7F94C25E4474A00D3C48A /* AppDelegate.swift in Sources */,
				8DF6E35126C357050031E094 /* HomeViewController.swift in Sources */,
				8D83240C27E450B60068CBA1 /* AdManager.swift in Sources */,
				8D9AA16E2682DEDC00EA136D /* AudioManager.swift in Sources */,
				8DB2747627E222B3000518B0 /* LoadingView.swift in Sources */,
			);
			runOnlyForDeploymentPostprocessing = 0;
		};
		8DE7F9BD25E4784200D3C48A /* Sources */ = {
			isa = PBXSourcesBuildPhase;
			buildActionMask = 2147483647;
			files = (
				8D59B2252669AD2C0034A967 /* Extension.swift in Sources */,
				8DF3FC2227AC18160062BE1E /* JHKeyPopup.swift in Sources */,
				8DE7FA2825E4C6E700D3C48A /* KeyboardButton.swift in Sources */,
				8D4D347A27C48FA90007396F /* UnicodePunjabi.swift in Sources */,
				8DF6E35626C357550031E094 /* HintBarManager.swift in Sources */,
				8DE7F9C425E4784200D3C48A /* KeyboardViewController.swift in Sources */,
				8D75AE202794338200CB1E0B /* UnicodeId.swift in Sources */,
				8D6DA1CF26E897D90080E630 /* Response.swift in Sources */,
				8D74D7A327B24079006642E0 /* UnicodeFr.swift in Sources */,
				8D6DA1C026E897D10080E630 /* Errors.swift in Sources */,
				8D3E2310279BCFAB0067DC30 /* UnicodeRu.swift in Sources */,
				8D6DA1DF26E899050080E630 /* AudioManager.swift in Sources */,
				8D4D347D27C48FA90007396F /* UnicodeMarathi.swift in Sources */,
				8D74D7A527B24079006642E0 /* UnicodeEs.swift in Sources */,
				8D4D347427C48FA90007396F /* UnicodeTamil.swift in Sources */,
				8D4D347327C48FA90007396F /* UnicodeKannada.swift in Sources */,
				8D4D347527C48FA90007396F /* UnicodeGujarati.swift in Sources */,
				8D4D347727C48FA90007396F /* UnicodeMalayalam.swift in Sources */,
				8D4D347927C48FA90007396F /* UnicodeOriya.swift in Sources */,
				8D6DA1DE26E899050080E630 /* Reachability.swift in Sources */,
				8D74D7A427B24079006642E0 /* UnicodeIt.swift in Sources */,
				8DF6E32626C3563F0031E094 /* Color.swift in Sources */,
				8D74D7A927B27A98006642E0 /* UnicodeTr.swift in Sources */,
				8D4D348B27C495BA0007396F /* UnicodeUrdu.swift in Sources */,
				8D552EE426484C4000866DEF /* UnicodeEn.swift in Sources */,
				8DE7FA2625E4C6E700D3C48A /* KeyboardView.swift in Sources */,
				8D6DA1E026E899050080E630 /* SpeechModel.swift in Sources */,
				8DF36878266C20670098EA60 /* ColorExtension.swift in Sources */,
				8D6DA1C526E897D40080E630 /* APIKey.swift in Sources */,
				8D74D7B527B284DE006642E0 /* UnicodePt.swift in Sources */,
				8D4D347B27C48FA90007396F /* UnicodeNepali.swift in Sources */,
				8D4D347627C48FA90007396F /* UnicodeTelugu.swift in Sources */,
				8D4D347827C48FA90007396F /* UnicodeSanskrit.swift in Sources */,
				8D4D347C27C48FA90007396F /* UnicodeHindi.swift in Sources */,
				8D6DA1CA26E897D70080E630 /* APIUrl.swift in Sources */,
				8D3129E827303BF1001EE3C3 /* SharedClass.swift in Sources */,
				8D74D7A227B24079006642E0 /* UnicodeKo.swift in Sources */,
				8D6DA1D226E897DC0080E630 /* APIRequest.swift in Sources */,
				8DF6E32126C3563B0031E094 /* JhUtil.swift in Sources */,
				8D74D7A127B24079006642E0 /* UnicodeGe.swift in Sources */,
				8D8BD6C6276A075000B77F6C /* UnicodeBn.swift in Sources */,
			);
			runOnlyForDeploymentPostprocessing = 0;
		};
/* End PBXSourcesBuildPhase section */

/* Begin PBXTargetDependency section */
		8DE7F9C725E4784200D3C48A /* PBXTargetDependency */ = {
			isa = PBXTargetDependency;
			target = 8DE7F9C025E4784200D3C48A /* KeyboardExtension */;
			targetProxy = 8DE7F9C625E4784200D3C48A /* PBXContainerItemProxy */;
		};
/* End PBXTargetDependency section */

/* Begin PBXVariantGroup section */
		8D91D30D27B7C3EB001BB9A4 /* Localizable.strings */ = {
			isa = PBXVariantGroup;
			children = (
				8D91D30E27B7C3EB001BB9A4 /* en */,
				8D91D31227B7C403001BB9A4 /* fr */,
				8D91D33327B7F59E001BB9A4 /* bn */,
			);
			name = Localizable.strings;
			sourceTree = "<group>";
		};
		8DE7F95125E4474A00D3C48A /* Main.storyboard */ = {
			isa = PBXVariantGroup;
			children = (
				8DE7F95225E4474A00D3C48A /* Base */,
			);
			name = Main.storyboard;
			sourceTree = "<group>";
		};
		8DE7F95625E4476900D3C48A /* LaunchScreen.storyboard */ = {
			isa = PBXVariantGroup;
			children = (
				8DE7F95725E4476900D3C48A /* Base */,
			);
			name = LaunchScreen.storyboard;
			sourceTree = "<group>";
		};
/* End PBXVariantGroup section */

/* Begin XCBuildConfiguration section */
		8DE7F95A25E4476900D3C48A /* Debug */ = {
			isa = XCBuildConfiguration;
			buildSettings = {
				ALWAYS_SEARCH_USER_PATHS = NO;
				CLANG_ANALYZER_NONNULL = YES;
				CLANG_ANALYZER_NUMBER_OBJECT_CONVERSION = YES_AGGRESSIVE;
				CLANG_CXX_LANGUAGE_STANDARD = "gnu++14";
				CLANG_CXX_LIBRARY = "libc++";
				CLANG_ENABLE_MODULES = YES;
				CLANG_ENABLE_OBJC_ARC = YES;
				CLANG_ENABLE_OBJC_WEAK = YES;
				CLANG_WARN_BLOCK_CAPTURE_AUTORELEASING = YES;
				CLANG_WARN_BOOL_CONVERSION = YES;
				CLANG_WARN_COMMA = YES;
				CLANG_WARN_CONSTANT_CONVERSION = YES;
				CLANG_WARN_DEPRECATED_OBJC_IMPLEMENTATIONS = YES;
				CLANG_WARN_DIRECT_OBJC_ISA_USAGE = YES_ERROR;
				CLANG_WARN_DOCUMENTATION_COMMENTS = YES;
				CLANG_WARN_EMPTY_BODY = YES;
				CLANG_WARN_ENUM_CONVERSION = YES;
				CLANG_WARN_INFINITE_RECURSION = YES;
				CLANG_WARN_INT_CONVERSION = YES;
				CLANG_WARN_NON_LITERAL_NULL_CONVERSION = YES;
				CLANG_WARN_OBJC_IMPLICIT_RETAIN_SELF = YES;
				CLANG_WARN_OBJC_LITERAL_CONVERSION = YES;
				CLANG_WARN_OBJC_ROOT_CLASS = YES_ERROR;
				CLANG_WARN_QUOTED_INCLUDE_IN_FRAMEWORK_HEADER = YES;
				CLANG_WARN_RANGE_LOOP_ANALYSIS = YES;
				CLANG_WARN_STRICT_PROTOTYPES = YES;
				CLANG_WARN_SUSPICIOUS_MOVE = YES;
				CLANG_WARN_UNGUARDED_AVAILABILITY = YES_AGGRESSIVE;
				CLANG_WARN_UNREACHABLE_CODE = YES;
				CLANG_WARN__DUPLICATE_METHOD_MATCH = YES;
				COPY_PHASE_STRIP = NO;
				DEBUG_INFORMATION_FORMAT = dwarf;
				ENABLE_STRICT_OBJC_MSGSEND = YES;
				ENABLE_TESTABILITY = YES;
				GCC_C_LANGUAGE_STANDARD = gnu11;
				GCC_DYNAMIC_NO_PIC = NO;
				GCC_NO_COMMON_BLOCKS = YES;
				GCC_OPTIMIZATION_LEVEL = 0;
				GCC_PREPROCESSOR_DEFINITIONS = (
					"DEBUG=1",
					"$(inherited)",
				);
				GCC_WARN_64_TO_32_BIT_CONVERSION = YES;
				GCC_WARN_ABOUT_RETURN_TYPE = YES_ERROR;
				GCC_WARN_UNDECLARED_SELECTOR = YES;
				GCC_WARN_UNINITIALIZED_AUTOS = YES_AGGRESSIVE;
				GCC_WARN_UNUSED_FUNCTION = YES;
				GCC_WARN_UNUSED_VARIABLE = YES;
				IPHONEOS_DEPLOYMENT_TARGET = 13.0;
				MTL_ENABLE_DEBUG_INFO = INCLUDE_SOURCE;
				MTL_FAST_MATH = YES;
				ONLY_ACTIVE_ARCH = YES;
				SDKROOT = iphoneos;
				SWIFT_ACTIVE_COMPILATION_CONDITIONS = DEBUG;
				SWIFT_OPTIMIZATION_LEVEL = "-Onone";
				SWIFT_VERSION = 5.0;
			};
			name = Debug;
		};
		8DE7F95B25E4476900D3C48A /* Release */ = {
			isa = XCBuildConfiguration;
			buildSettings = {
				ALWAYS_SEARCH_USER_PATHS = NO;
				CLANG_ANALYZER_NONNULL = YES;
				CLANG_ANALYZER_NUMBER_OBJECT_CONVERSION = YES_AGGRESSIVE;
				CLANG_CXX_LANGUAGE_STANDARD = "gnu++14";
				CLANG_CXX_LIBRARY = "libc++";
				CLANG_ENABLE_MODULES = YES;
				CLANG_ENABLE_OBJC_ARC = YES;
				CLANG_ENABLE_OBJC_WEAK = YES;
				CLANG_WARN_BLOCK_CAPTURE_AUTORELEASING = YES;
				CLANG_WARN_BOOL_CONVERSION = YES;
				CLANG_WARN_COMMA = YES;
				CLANG_WARN_CONSTANT_CONVERSION = YES;
				CLANG_WARN_DEPRECATED_OBJC_IMPLEMENTATIONS = YES;
				CLANG_WARN_DIRECT_OBJC_ISA_USAGE = YES_ERROR;
				CLANG_WARN_DOCUMENTATION_COMMENTS = YES;
				CLANG_WARN_EMPTY_BODY = YES;
				CLANG_WARN_ENUM_CONVERSION = YES;
				CLANG_WARN_INFINITE_RECURSION = YES;
				CLANG_WARN_INT_CONVERSION = YES;
				CLANG_WARN_NON_LITERAL_NULL_CONVERSION = YES;
				CLANG_WARN_OBJC_IMPLICIT_RETAIN_SELF = YES;
				CLANG_WARN_OBJC_LITERAL_CONVERSION = YES;
				CLANG_WARN_OBJC_ROOT_CLASS = YES_ERROR;
				CLANG_WARN_QUOTED_INCLUDE_IN_FRAMEWORK_HEADER = YES;
				CLANG_WARN_RANGE_LOOP_ANALYSIS = YES;
				CLANG_WARN_STRICT_PROTOTYPES = YES;
				CLANG_WARN_SUSPICIOUS_MOVE = YES;
				CLANG_WARN_UNGUARDED_AVAILABILITY = YES_AGGRESSIVE;
				CLANG_WARN_UNREACHABLE_CODE = YES;
				CLANG_WARN__DUPLICATE_METHOD_MATCH = YES;
				COPY_PHASE_STRIP = NO;
				DEBUG_INFORMATION_FORMAT = "dwarf-with-dsym";
				ENABLE_NS_ASSERTIONS = NO;
				ENABLE_STRICT_OBJC_MSGSEND = YES;
				GCC_C_LANGUAGE_STANDARD = gnu11;
				GCC_NO_COMMON_BLOCKS = YES;
				GCC_WARN_64_TO_32_BIT_CONVERSION = YES;
				GCC_WARN_ABOUT_RETURN_TYPE = YES_ERROR;
				GCC_WARN_UNDECLARED_SELECTOR = YES;
				GCC_WARN_UNINITIALIZED_AUTOS = YES_AGGRESSIVE;
				GCC_WARN_UNUSED_FUNCTION = YES;
				GCC_WARN_UNUSED_VARIABLE = YES;
				IPHONEOS_DEPLOYMENT_TARGET = 13.0;
				MTL_ENABLE_DEBUG_INFO = NO;
				MTL_FAST_MATH = YES;
				SDKROOT = iphoneos;
				SWIFT_COMPILATION_MODE = wholemodule;
				SWIFT_OPTIMIZATION_LEVEL = "-O";
				SWIFT_VERSION = 5.0;
				VALIDATE_PRODUCT = YES;
			};
			name = Release;
		};
		8DE7F95D25E4476900D3C48A /* Debug */ = {
			isa = XCBuildConfiguration;
			baseConfigurationReference = E3FF41B884FEBDE88E1CD54E /* Pods-KeyboardSwift.debug.xcconfig */;
			buildSettings = {
				ALWAYS_EMBED_SWIFT_STANDARD_LIBRARIES = YES;
				ASSETCATALOG_COMPILER_APPICON_NAME = AppIcon;
				ASSETCATALOG_COMPILER_GLOBAL_ACCENT_COLOR_NAME = AccentColor;
				CODE_SIGN_ENTITLEMENTS = KeyboardSwift/KeyboardSwift.entitlements;
				CODE_SIGN_IDENTITY = "Apple Development";
				CODE_SIGN_STYLE = Automatic;
				CURRENT_PROJECT_VERSION = 11;
				DEVELOPMENT_TEAM = 8KNMV3DJ4V;
				INFOPLIST_FILE = KeyboardSwift/Info.plist;
				IPHONEOS_DEPLOYMENT_TARGET = 10.0;
				LD_RUNPATH_SEARCH_PATHS = (
					"$(inherited)",
					"@executable_path/Frameworks",
				);
				MARKETING_VERSION = 1.0.11;
				PRODUCT_BUNDLE_IDENTIFIER = com.vaticsoft.HindiKeyboard;
				PRODUCT_NAME = "$(TARGET_NAME)";
				PROVISIONING_PROFILE_SPECIFIER = "";
				SWIFT_OBJC_BRIDGING_HEADER = "$(SRCROOT)/KeyboardSwift-Bridging-Header.h";
				"SWIFT_OBJC_BRIDGING_HEADER[arch=*]" = "";
				SWIFT_VERSION = 5.0;
				TARGETED_DEVICE_FAMILY = 1;
			};
			name = Debug;
		};
		8DE7F95E25E4476900D3C48A /* Release */ = {
			isa = XCBuildConfiguration;
			baseConfigurationReference = DA8C7C06C69151D7EB853273 /* Pods-KeyboardSwift.release.xcconfig */;
			buildSettings = {
				ALWAYS_EMBED_SWIFT_STANDARD_LIBRARIES = YES;
				ASSETCATALOG_COMPILER_APPICON_NAME = AppIcon;
				ASSETCATALOG_COMPILER_GLOBAL_ACCENT_COLOR_NAME = AccentColor;
				CODE_SIGN_ENTITLEMENTS = KeyboardSwift/KeyboardSwift.entitlements;
				CODE_SIGN_IDENTITY = "Apple Development";
				CODE_SIGN_STYLE = Automatic;
				CURRENT_PROJECT_VERSION = 11;
				DEVELOPMENT_TEAM = 8KNMV3DJ4V;
				INFOPLIST_FILE = KeyboardSwift/Info.plist;
				IPHONEOS_DEPLOYMENT_TARGET = 10.0;
				LD_RUNPATH_SEARCH_PATHS = (
					"$(inherited)",
					"@executable_path/Frameworks",
				);
				MARKETING_VERSION = 1.0.11;
				PRODUCT_BUNDLE_IDENTIFIER = com.vaticsoft.HindiKeyboard;
				PRODUCT_NAME = "$(TARGET_NAME)";
				PROVISIONING_PROFILE_SPECIFIER = "";
				SWIFT_OBJC_BRIDGING_HEADER = "$(SRCROOT)/KeyboardSwift-Bridging-Header.h";
				"SWIFT_OBJC_BRIDGING_HEADER[arch=*]" = "";
				SWIFT_VERSION = 5.0;
				TARGETED_DEVICE_FAMILY = 1;
			};
			name = Release;
		};
		8DE7F9CA25E4784200D3C48A /* Debug */ = {
			isa = XCBuildConfiguration;
			buildSettings = {
				CLANG_ENABLE_MODULES = YES;
				CODE_SIGN_ENTITLEMENTS = KeyboardExtension/KeyboardExtension.entitlements;
				CODE_SIGN_IDENTITY = "Apple Development";
				CODE_SIGN_STYLE = Automatic;
				CURRENT_PROJECT_VERSION = 11;
				DEVELOPMENT_TEAM = 8KNMV3DJ4V;
				INFOPLIST_FILE = KeyboardExtension/Info.plist;
				IPHONEOS_DEPLOYMENT_TARGET = 10.0;
				LD_RUNPATH_SEARCH_PATHS = (
					"$(inherited)",
					"@executable_path/Frameworks",
					"@executable_path/../../Frameworks",
				);
				MARKETING_VERSION = 1.0.11;
				OTHER_LDFLAGS = "";
				PRODUCT_BUNDLE_IDENTIFIER = com.vaticsoft.HindiKeyboard.Extension;
				PRODUCT_NAME = "$(TARGET_NAME)";
				PROVISIONING_PROFILE_SPECIFIER = "";
				SKIP_INSTALL = YES;
				SWIFT_OBJC_BRIDGING_HEADER = "KeyboardExtension/KeyboardView/KeyboardExtension-Bridging-Header.h";
				SWIFT_OPTIMIZATION_LEVEL = "-Onone";
				SWIFT_VERSION = 5.0;
				TARGETED_DEVICE_FAMILY = 1;
			};
			name = Debug;
		};
		8DE7F9CB25E4784200D3C48A /* Release */ = {
			isa = XCBuildConfiguration;
			buildSettings = {
				CLANG_ENABLE_MODULES = YES;
				CODE_SIGN_ENTITLEMENTS = KeyboardExtension/KeyboardExtension.entitlements;
				CODE_SIGN_IDENTITY = "Apple Development";
				CODE_SIGN_STYLE = Automatic;
				CURRENT_PROJECT_VERSION = 11;
				DEVELOPMENT_TEAM = 8KNMV3DJ4V;
				INFOPLIST_FILE = KeyboardExtension/Info.plist;
				IPHONEOS_DEPLOYMENT_TARGET = 10.0;
				LD_RUNPATH_SEARCH_PATHS = (
					"$(inherited)",
					"@executable_path/Frameworks",
					"@executable_path/../../Frameworks",
				);
				MARKETING_VERSION = 1.0.11;
				OTHER_LDFLAGS = "";
				PRODUCT_BUNDLE_IDENTIFIER = com.vaticsoft.HindiKeyboard.Extension;
				PRODUCT_NAME = "$(TARGET_NAME)";
				PROVISIONING_PROFILE_SPECIFIER = "";
				SKIP_INSTALL = YES;
				SWIFT_OBJC_BRIDGING_HEADER = "KeyboardExtension/KeyboardView/KeyboardExtension-Bridging-Header.h";
				SWIFT_VERSION = 5.0;
				TARGETED_DEVICE_FAMILY = 1;
			};
			name = Release;
		};
/* End XCBuildConfiguration section */

/* Begin XCConfigurationList section */
		8DE7F94325E4474A00D3C48A /* Build configuration list for PBXProject "KeyboardSwift" */ = {
			isa = XCConfigurationList;
			buildConfigurations = (
				8DE7F95A25E4476900D3C48A /* Debug */,
				8DE7F95B25E4476900D3C48A /* Release */,
			);
			defaultConfigurationIsVisible = 0;
			defaultConfigurationName = Release;
		};
		8DE7F95C25E4476900D3C48A /* Build configuration list for PBXNativeTarget "KeyboardSwift" */ = {
			isa = XCConfigurationList;
			buildConfigurations = (
				8DE7F95D25E4476900D3C48A /* Debug */,
				8DE7F95E25E4476900D3C48A /* Release */,
			);
			defaultConfigurationIsVisible = 0;
			defaultConfigurationName = Release;
		};
		8DE7F9C925E4784200D3C48A /* Build configuration list for PBXNativeTarget "KeyboardExtension" */ = {
			isa = XCConfigurationList;
			buildConfigurations = (
				8DE7F9CA25E4784200D3C48A /* Debug */,
				8DE7F9CB25E4784200D3C48A /* Release */,
			);
			defaultConfigurationIsVisible = 0;
			defaultConfigurationName = Release;
		};
/* End XCConfigurationList section */
	};
	rootObject = 8DE7F94025E4474A00D3C48A /* Project object */;
}
