// !$*UTF8*$!
{
	archiveVersion = 1;
	classes = {
	};
	objectVersion = 51;
	objects = {

/* Begin PBXBuildFile section */
		8D06F4C726CB26AD00DB0D57 /* APIRequest.swift in Sources */ = {isa = PBXBuildFile; fileRef = 8D140F4626C0DC3300512477 /* APIRequest.swift */; };
		8D140F4726C0DC3300512477 /* APIRequest.swift in Sources */ = {isa = PBXBuildFile; fileRef = 8D140F4626C0DC3300512477 /* APIRequest.swift */; };
		8D140F4A26C0E4A200512477 /* bangla.flac in Resources */ = {isa = PBXBuildFile; fileRef = 8DD5076626815FEA00377CBD /* bangla.flac */; };
		8D496A1C26388C73001DE455 /* SuggestionBarManager.m in Sources */ = {isa = PBXBuildFile; fileRef = 8D496A1426388C73001DE455 /* SuggestionBarManager.m */; };
		8D496A1E26388C73001DE455 /* word.txt in Resources */ = {isa = PBXBuildFile; fileRef = 8D496A1826388C73001DE455 /* word.txt */; };
		8D552EE426484C4000866DEF /* UnicodeEn.swift in Sources */ = {isa = PBXBuildFile; fileRef = 8D552EE326484C4000866DEF /* UnicodeEn.swift */; };
		8D59B2252669AD2C0034A967 /* Extension.swift in Sources */ = {isa = PBXBuildFile; fileRef = 8D59B2242669AD2C0034A967 /* Extension.swift */; };
		8D769A0D265F3BED00C74FBA /* Assets.xcassets in Resources */ = {isa = PBXBuildFile; fileRef = 8D769A0C265F3BED00C74FBA /* Assets.xcassets */; };
		8D8BCF5B26E7626400615097 /* ErrorModel.swift in Sources */ = {isa = PBXBuildFile; fileRef = 8DD507402681596B00377CBD /* ErrorModel.swift */; };
		8D8BCF5F26E7638B00615097 /* Errors.swift in Sources */ = {isa = PBXBuildFile; fileRef = 8D8BCF5E26E7638B00615097 /* Errors.swift */; };
		8D8BCF6226E763C200615097 /* Errors.swift in Sources */ = {isa = PBXBuildFile; fileRef = 8D8BCF5E26E7638B00615097 /* Errors.swift */; };
		8D8BCF7A26E76E2200615097 /* Response.swift in Sources */ = {isa = PBXBuildFile; fileRef = 8D8BCF7926E76E2200615097 /* Response.swift */; };
		8D8BCF7F26E7790900615097 /* Response.swift in Sources */ = {isa = PBXBuildFile; fileRef = 8D8BCF7926E76E2200615097 /* Response.swift */; };
		8D91CD462655E7EF00404F5D /* SceneDelegate.swift in Sources */ = {isa = PBXBuildFile; fileRef = 8D91CD452655E7EE00404F5D /* SceneDelegate.swift */; };
		8D9AA16E2682DEDC00EA136D /* AudioManager.swift in Sources */ = {isa = PBXBuildFile; fileRef = 8D9AA16D2682DEDC00EA136D /* AudioManager.swift */; };
		8DD507462681596B00377CBD /* APIKey.swift in Sources */ = {isa = PBXBuildFile; fileRef = 8DD5073D2681596B00377CBD /* APIKey.swift */; };
		8DD507472681596B00377CBD /* APIUrl.swift in Sources */ = {isa = PBXBuildFile; fileRef = 8DD5073E2681596B00377CBD /* APIUrl.swift */; };
		8DD507482681596B00377CBD /* APIBase.swift in Sources */ = {isa = PBXBuildFile; fileRef = 8DD5073F2681596B00377CBD /* APIBase.swift */; };
		8DD507492681596B00377CBD /* ErrorModel.swift in Sources */ = {isa = PBXBuildFile; fileRef = 8DD507402681596B00377CBD /* ErrorModel.swift */; };
		8DD5074A2681596B00377CBD /* Reachability.swift in Sources */ = {isa = PBXBuildFile; fileRef = 8DD507422681596B00377CBD /* Reachability.swift */; };
		8DD5075E26815EF800377CBD /* Utils.swift in Sources */ = {isa = PBXBuildFile; fileRef = 8DD5075D26815EF800377CBD /* Utils.swift */; };
		8DD5076A26815FEB00377CBD /* bangla.flac in Resources */ = {isa = PBXBuildFile; fileRef = 8DD5076626815FEA00377CBD /* bangla.flac */; };
		8DD5076B26815FEB00377CBD /* good-morning-google.flac in Resources */ = {isa = PBXBuildFile; fileRef = 8DD5076726815FEA00377CBD /* good-morning-google.flac */; };
		8DD5076C26815FEB00377CBD /* hello (16bit PCM).wav in Resources */ = {isa = PBXBuildFile; fileRef = 8DD5076826815FEA00377CBD /* hello (16bit PCM).wav */; };
		8DD507762681644A00377CBD /* SpeechModel.swift in Sources */ = {isa = PBXBuildFile; fileRef = 8DD507752681644A00377CBD /* SpeechModel.swift */; };
		8DE7F94C25E4474A00D3C48A /* AppDelegate.swift in Sources */ = {isa = PBXBuildFile; fileRef = 8DE7F94B25E4474A00D3C48A /* AppDelegate.swift */; };
		8DE7F95325E4474A00D3C48A /* Main.storyboard in Resources */ = {isa = PBXBuildFile; fileRef = 8DE7F95125E4474A00D3C48A /* Main.storyboard */; };
		8DE7F95525E4476900D3C48A /* Assets.xcassets in Resources */ = {isa = PBXBuildFile; fileRef = 8DE7F95425E4476900D3C48A /* Assets.xcassets */; };
		8DE7F95825E4476900D3C48A /* LaunchScreen.storyboard in Resources */ = {isa = PBXBuildFile; fileRef = 8DE7F95625E4476900D3C48A /* LaunchScreen.storyboard */; };
		8DE7F9C425E4784200D3C48A /* KeyboardViewController.swift in Sources */ = {isa = PBXBuildFile; fileRef = 8DE7F9C325E4784200D3C48A /* KeyboardViewController.swift */; };
		8DE7F9C825E4784200D3C48A /* KeyboardExtension.appex in Embed App Extensions */ = {isa = PBXBuildFile; fileRef = 8DE7F9C125E4784200D3C48A /* KeyboardExtension.appex */; settings = {ATTRIBUTES = (RemoveHeadersOnCopy, ); }; };
		8DE7FA2625E4C6E700D3C48A /* KeyboardView.swift in Sources */ = {isa = PBXBuildFile; fileRef = 8DE7FA2325E4C6E700D3C48A /* KeyboardView.swift */; };
		8DE7FA2825E4C6E700D3C48A /* KeyboardButton.swift in Sources */ = {isa = PBXBuildFile; fileRef = 8DE7FA2525E4C6E700D3C48A /* KeyboardButton.swift */; };
		8DF36878266C20670098EA60 /* ColorExtension.swift in Sources */ = {isa = PBXBuildFile; fileRef = 8DF36877266C20670098EA60 /* ColorExtension.swift */; };
		8DF6E31E26C356380031E094 /* JHkey.m in Sources */ = {isa = PBXBuildFile; fileRef = 8DBB159B25EB04890092F88B /* JHkey.m */; };
		8DF6E32126C3563B0031E094 /* JhUtil.swift in Sources */ = {isa = PBXBuildFile; fileRef = 8D06A3E225E6EC6800E3B47E /* JhUtil.swift */; };
		8DF6E32626C3563F0031E094 /* Color.swift in Sources */ = {isa = PBXBuildFile; fileRef = 8D4E8152266D8F770073B3B6 /* Color.swift */; };
		8DF6E35126C357050031E094 /* HomeViewController.swift in Sources */ = {isa = PBXBuildFile; fileRef = 8DE7F94F25E4474A00D3C48A /* HomeViewController.swift */; };
		8DF6E35626C357550031E094 /* HintBarManager.swift in Sources */ = {isa = PBXBuildFile; fileRef = 8D496A2C26388F7D001DE455 /* HintBarManager.swift */; };
		9FC6BAA61BF598B1DCB0F57A /* Pods_KeyboardSwift.framework in Frameworks */ = {isa = PBXBuildFile; fileRef = CE140A8ED17D9190193F0AC2 /* Pods_KeyboardSwift.framework */; };
/* End PBXBuildFile section */

/* Begin PBXContainerItemProxy section */
		8DE7F9C625E4784200D3C48A /* PBXContainerItemProxy */ = {
			isa = PBXContainerItemProxy;
			containerPortal = 8DE7F94025E4474A00D3C48A /* Project object */;
			proxyType = 1;
			remoteGlobalIDString = 8DE7F9C025E4784200D3C48A;
			remoteInfo = KeyboardExtension;
		};
/* End PBXContainerItemProxy section */

/* Begin PBXCopyFilesBuildPhase section */
		8DE7F9CC25E4784200D3C48A /* Embed App Extensions */ = {
			isa = PBXCopyFilesBuildPhase;
			buildActionMask = 2147483647;
			dstPath = "";
			dstSubfolderSpec = 13;
			files = (
				8DE7F9C825E4784200D3C48A /* KeyboardExtension.appex in Embed App Extensions */,
			);
			name = "Embed App Extensions";
			runOnlyForDeploymentPostprocessing = 0;
		};
/* End PBXCopyFilesBuildPhase section */

/* Begin PBXFileReference section */
		8D06A3E225E6EC6800E3B47E /* JhUtil.swift */ = {isa = PBXFileReference; lastKnownFileType = sourcecode.swift; path = JhUtil.swift; sourceTree = "<group>"; };
		8D140F4626C0DC3300512477 /* APIRequest.swift */ = {isa = PBXFileReference; lastKnownFileType = sourcecode.swift; path = APIRequest.swift; sourceTree = "<group>"; };
		8D496A1426388C73001DE455 /* SuggestionBarManager.m */ = {isa = PBXFileReference; fileEncoding = 4; lastKnownFileType = sourcecode.c.objc; path = SuggestionBarManager.m; sourceTree = "<group>"; };
		8D496A1826388C73001DE455 /* word.txt */ = {isa = PBXFileReference; fileEncoding = 4; lastKnownFileType = text; path = word.txt; sourceTree = "<group>"; };
		8D496A1B26388C73001DE455 /* SuggestionBarManager.h */ = {isa = PBXFileReference; fileEncoding = 4; lastKnownFileType = sourcecode.c.h; path = SuggestionBarManager.h; sourceTree = "<group>"; };
		8D496A2C26388F7D001DE455 /* HintBarManager.swift */ = {isa = PBXFileReference; lastKnownFileType = sourcecode.swift; path = HintBarManager.swift; sourceTree = "<group>"; };
		8D4E8152266D8F770073B3B6 /* Color.swift */ = {isa = PBXFileReference; lastKnownFileType = sourcecode.swift; path = Color.swift; sourceTree = "<group>"; };
		8D552EE326484C4000866DEF /* UnicodeEn.swift */ = {isa = PBXFileReference; lastKnownFileType = sourcecode.swift; path = UnicodeEn.swift; sourceTree = "<group>"; };
		8D59B2242669AD2C0034A967 /* Extension.swift */ = {isa = PBXFileReference; lastKnownFileType = sourcecode.swift; path = Extension.swift; sourceTree = "<group>"; };
		8D769A0C265F3BED00C74FBA /* Assets.xcassets */ = {isa = PBXFileReference; lastKnownFileType = folder.assetcatalog; path = Assets.xcassets; sourceTree = "<group>"; };
		8D8BCF5E26E7638B00615097 /* Errors.swift */ = {isa = PBXFileReference; fileEncoding = 4; lastKnownFileType = sourcecode.swift; path = Errors.swift; sourceTree = "<group>"; };
		8D8BCF7926E76E2200615097 /* Response.swift */ = {isa = PBXFileReference; fileEncoding = 4; lastKnownFileType = sourcecode.swift; path = Response.swift; sourceTree = "<group>"; };
		8D91CD452655E7EE00404F5D /* SceneDelegate.swift */ = {isa = PBXFileReference; fileEncoding = 4; lastKnownFileType = sourcecode.swift; path = SceneDelegate.swift; sourceTree = "<group>"; };
		8D9AA16D2682DEDC00EA136D /* AudioManager.swift */ = {isa = PBXFileReference; lastKnownFileType = sourcecode.swift; path = AudioManager.swift; sourceTree = "<group>"; };
		8DBB158825EAEA840092F88B /* KeyboardExtension-Bridging-Header.h */ = {isa = PBXFileReference; lastKnownFileType = sourcecode.c.h; path = "KeyboardExtension-Bridging-Header.h"; sourceTree = "<group>"; };
		8DBB159A25EB04890092F88B /* JHkey.h */ = {isa = PBXFileReference; lastKnownFileType = sourcecode.c.h; path = JHkey.h; sourceTree = "<group>"; };
		8DBB159B25EB04890092F88B /* JHkey.m */ = {isa = PBXFileReference; lastKnownFileType = sourcecode.c.objc; path = JHkey.m; sourceTree = "<group>"; };
		8DD5073D2681596B00377CBD /* APIKey.swift */ = {isa = PBXFileReference; fileEncoding = 4; lastKnownFileType = sourcecode.swift; path = APIKey.swift; sourceTree = "<group>"; };
		8DD5073E2681596B00377CBD /* APIUrl.swift */ = {isa = PBXFileReference; fileEncoding = 4; lastKnownFileType = sourcecode.swift; path = APIUrl.swift; sourceTree = "<group>"; };
		8DD5073F2681596B00377CBD /* APIBase.swift */ = {isa = PBXFileReference; fileEncoding = 4; lastKnownFileType = sourcecode.swift; path = APIBase.swift; sourceTree = "<group>"; };
		8DD507402681596B00377CBD /* ErrorModel.swift */ = {isa = PBXFileReference; fileEncoding = 4; lastKnownFileType = sourcecode.swift; path = ErrorModel.swift; sourceTree = "<group>"; };
		8DD507422681596B00377CBD /* Reachability.swift */ = {isa = PBXFileReference; fileEncoding = 4; lastKnownFileType = sourcecode.swift; path = Reachability.swift; sourceTree = "<group>"; };
		8DD5075D26815EF800377CBD /* Utils.swift */ = {isa = PBXFileReference; fileEncoding = 4; lastKnownFileType = sourcecode.swift; path = Utils.swift; sourceTree = "<group>"; };
		8DD5076626815FEA00377CBD /* bangla.flac */ = {isa = PBXFileReference; lastKnownFileType = file; path = bangla.flac; sourceTree = "<group>"; };
		8DD5076726815FEA00377CBD /* good-morning-google.flac */ = {isa = PBXFileReference; lastKnownFileType = file; path = "good-morning-google.flac"; sourceTree = "<group>"; };
		8DD5076826815FEA00377CBD /* hello (16bit PCM).wav */ = {isa = PBXFileReference; lastKnownFileType = audio.wav; path = "hello (16bit PCM).wav"; sourceTree = "<group>"; };
		8DD507752681644A00377CBD /* SpeechModel.swift */ = {isa = PBXFileReference; fileEncoding = 4; lastKnownFileType = sourcecode.swift; path = SpeechModel.swift; sourceTree = "<group>"; };
		8DE7F94825E4474A00D3C48A /* KeyboardSwift.app */ = {isa = PBXFileReference; explicitFileType = wrapper.application; includeInIndex = 0; path = KeyboardSwift.app; sourceTree = BUILT_PRODUCTS_DIR; };
		8DE7F94B25E4474A00D3C48A /* AppDelegate.swift */ = {isa = PBXFileReference; lastKnownFileType = sourcecode.swift; path = AppDelegate.swift; sourceTree = "<group>"; };
		8DE7F94F25E4474A00D3C48A /* HomeViewController.swift */ = {isa = PBXFileReference; lastKnownFileType = sourcecode.swift; path = HomeViewController.swift; sourceTree = "<group>"; };
		8DE7F95225E4474A00D3C48A /* Base */ = {isa = PBXFileReference; lastKnownFileType = file.storyboard; name = Base; path = Base.lproj/Main.storyboard; sourceTree = "<group>"; };
		8DE7F95425E4476900D3C48A /* Assets.xcassets */ = {isa = PBXFileReference; lastKnownFileType = folder.assetcatalog; path = Assets.xcassets; sourceTree = "<group>"; };
		8DE7F95725E4476900D3C48A /* Base */ = {isa = PBXFileReference; lastKnownFileType = file.storyboard; name = Base; path = Base.lproj/LaunchScreen.storyboard; sourceTree = "<group>"; };
		8DE7F95925E4476900D3C48A /* Info.plist */ = {isa = PBXFileReference; lastKnownFileType = text.plist.xml; path = Info.plist; sourceTree = "<group>"; };
		8DE7F9C125E4784200D3C48A /* KeyboardExtension.appex */ = {isa = PBXFileReference; explicitFileType = "wrapper.app-extension"; includeInIndex = 0; path = KeyboardExtension.appex; sourceTree = BUILT_PRODUCTS_DIR; };
		8DE7F9C325E4784200D3C48A /* KeyboardViewController.swift */ = {isa = PBXFileReference; lastKnownFileType = sourcecode.swift; path = KeyboardViewController.swift; sourceTree = "<group>"; };
		8DE7F9C525E4784200D3C48A /* Info.plist */ = {isa = PBXFileReference; lastKnownFileType = text.plist.xml; path = Info.plist; sourceTree = "<group>"; };
		8DE7FA2325E4C6E700D3C48A /* KeyboardView.swift */ = {isa = PBXFileReference; fileEncoding = 4; lastKnownFileType = sourcecode.swift; path = KeyboardView.swift; sourceTree = "<group>"; };
		8DE7FA2525E4C6E700D3C48A /* KeyboardButton.swift */ = {isa = PBXFileReference; fileEncoding = 4; lastKnownFileType = sourcecode.swift; path = KeyboardButton.swift; sourceTree = "<group>"; };
		8DF36877266C20670098EA60 /* ColorExtension.swift */ = {isa = PBXFileReference; lastKnownFileType = sourcecode.swift; path = ColorExtension.swift; sourceTree = "<group>"; };
		CE140A8ED17D9190193F0AC2 /* Pods_KeyboardSwift.framework */ = {isa = PBXFileReference; explicitFileType = wrapper.framework; includeInIndex = 0; path = Pods_KeyboardSwift.framework; sourceTree = BUILT_PRODUCTS_DIR; };
		DA8C7C06C69151D7EB853273 /* Pods-KeyboardSwift.release.xcconfig */ = {isa = PBXFileReference; includeInIndex = 1; lastKnownFileType = text.xcconfig; name = "Pods-KeyboardSwift.release.xcconfig"; path = "Target Support Files/Pods-KeyboardSwift/Pods-KeyboardSwift.release.xcconfig"; sourceTree = "<group>"; };
		E3FF41B884FEBDE88E1CD54E /* Pods-KeyboardSwift.debug.xcconfig */ = {isa = PBXFileReference; includeInIndex = 1; lastKnownFileType = text.xcconfig; name = "Pods-KeyboardSwift.debug.xcconfig"; path = "Target Support Files/Pods-KeyboardSwift/Pods-KeyboardSwift.debug.xcconfig"; sourceTree = "<group>"; };
/* End PBXFileReference section */

/* Begin PBXFrameworksBuildPhase section */
		8DE7F94525E4474A00D3C48A /* Frameworks */ = {
			isa = PBXFrameworksBuildPhase;
			buildActionMask = 2147483647;
			files = (
				9FC6BAA61BF598B1DCB0F57A /* Pods_KeyboardSwift.framework in Frameworks */,
			);
			runOnlyForDeploymentPostprocessing = 0;
		};
		8DE7F9BE25E4784200D3C48A /* Frameworks */ = {
			isa = PBXFrameworksBuildPhase;
			buildActionMask = 2147483647;
			files = (
			);
			runOnlyForDeploymentPostprocessing = 0;
		};
/* End PBXFrameworksBuildPhase section */

/* Begin PBXGroup section */
		4180F7C0840B7C14EDBBF46E /* Pods */ = {
			isa = PBXGroup;
			children = (
				E3FF41B884FEBDE88E1CD54E /* Pods-KeyboardSwift.debug.xcconfig */,
				DA8C7C06C69151D7EB853273 /* Pods-KeyboardSwift.release.xcconfig */,
			);
			path = Pods;
			sourceTree = "<group>";
		};
		7EDB6B80959915E54933A114 /* Frameworks */ = {
			isa = PBXGroup;
			children = (
				CE140A8ED17D9190193F0AC2 /* Pods_KeyboardSwift.framework */,
			);
			name = Frameworks;
			sourceTree = "<group>";
		};
		8D496A1326388C73001DE455 /* SuggestionBar */ = {
			isa = PBXGroup;
			children = (
				8D496A1526388C73001DE455 /* Model */,
				8D496A1B26388C73001DE455 /* SuggestionBarManager.h */,
				8D496A1426388C73001DE455 /* SuggestionBarManager.m */,
			);
			path = SuggestionBar;
			sourceTree = "<group>";
		};
		8D496A1526388C73001DE455 /* Model */ = {
			isa = PBXGroup;
			children = (
				8D496A1826388C73001DE455 /* word.txt */,
			);
			path = Model;
			sourceTree = "<group>";
		};
		8D496A2B26388F2E001DE455 /* HintBar */ = {
			isa = PBXGroup;
			children = (
				8D496A2C26388F7D001DE455 /* HintBarManager.swift */,
			);
			path = HintBar;
			sourceTree = "<group>";
		};
		8DD5073C2681596B00377CBD /* API */ = {
			isa = PBXGroup;
			children = (
				8DD5073F2681596B00377CBD /* APIBase.swift */,
				8DD5073E2681596B00377CBD /* APIUrl.swift */,
				8DD5073D2681596B00377CBD /* APIKey.swift */,
				8D8BCF7926E76E2200615097 /* Response.swift */,
				8D8BCF5E26E7638B00615097 /* Errors.swift */,
				8DD507402681596B00377CBD /* ErrorModel.swift */,
			);
			path = API;
			sourceTree = "<group>";
		};
		8DD507412681596B00377CBD /* Reachability */ = {
			isa = PBXGroup;
			children = (
				8DD507422681596B00377CBD /* Reachability.swift */,
			);
			path = Reachability;
			sourceTree = "<group>";
		};
		8DD5076526815FEA00377CBD /* sound */ = {
			isa = PBXGroup;
			children = (
				8DD5076626815FEA00377CBD /* bangla.flac */,
				8DD5076726815FEA00377CBD /* good-morning-google.flac */,
				8DD5076826815FEA00377CBD /* hello (16bit PCM).wav */,
			);
			path = sound;
			sourceTree = "<group>";
		};
		8DD507742681644A00377CBD /* Speech */ = {
			isa = PBXGroup;
			children = (
				8DD507752681644A00377CBD /* SpeechModel.swift */,
				8D9AA16D2682DEDC00EA136D /* AudioManager.swift */,
			);
			name = Speech;
			path = KeyboardSwift/Speech;
			sourceTree = SOURCE_ROOT;
		};
		8DE7F93F25E4474A00D3C48A = {
			isa = PBXGroup;
			children = (
				8DE7F94A25E4474A00D3C48A /* KeyboardSwift */,
				8DE7F9C225E4784200D3C48A /* KeyboardExtension */,
				8DE7F94925E4474A00D3C48A /* Products */,
				4180F7C0840B7C14EDBBF46E /* Pods */,
				7EDB6B80959915E54933A114 /* Frameworks */,
			);
			sourceTree = "<group>";
		};
		8DE7F94925E4474A00D3C48A /* Products */ = {
			isa = PBXGroup;
			children = (
				8DE7F94825E4474A00D3C48A /* KeyboardSwift.app */,
				8DE7F9C125E4784200D3C48A /* KeyboardExtension.appex */,
			);
			name = Products;
			sourceTree = "<group>";
		};
		8DE7F94A25E4474A00D3C48A /* KeyboardSwift */ = {
			isa = PBXGroup;
			children = (
				8DD5073C2681596B00377CBD /* API */,
				8DD507742681644A00377CBD /* Speech */,
				8DD507412681596B00377CBD /* Reachability */,
				8DE7F94B25E4474A00D3C48A /* AppDelegate.swift */,
				8D91CD452655E7EE00404F5D /* SceneDelegate.swift */,
				8DE7F94F25E4474A00D3C48A /* HomeViewController.swift */,
				8DD5075D26815EF800377CBD /* Utils.swift */,
				8DE7F95125E4474A00D3C48A /* Main.storyboard */,
				8DE7F95425E4476900D3C48A /* Assets.xcassets */,
				8DE7F95625E4476900D3C48A /* LaunchScreen.storyboard */,
				8DE7F95925E4476900D3C48A /* Info.plist */,
				8DD5076526815FEA00377CBD /* sound */,
			);
			path = KeyboardSwift;
			sourceTree = "<group>";
		};
		8DE7F9C225E4784200D3C48A /* KeyboardExtension */ = {
			isa = PBXGroup;
			children = (
				8D769A0C265F3BED00C74FBA /* Assets.xcassets */,
				8D496A2B26388F2E001DE455 /* HintBar */,
				8D496A1326388C73001DE455 /* SuggestionBar */,
				8DE7FA2225E4C6E700D3C48A /* KeyboardView */,
				8DE7F9C325E4784200D3C48A /* KeyboardViewController.swift */,
				8D140F4626C0DC3300512477 /* APIRequest.swift */,
				8DE7F9C525E4784200D3C48A /* Info.plist */,
			);
			path = KeyboardExtension;
			sourceTree = "<group>";
		};
		8DE7FA2225E4C6E700D3C48A /* KeyboardView */ = {
			isa = PBXGroup;
			children = (
				8DBB159A25EB04890092F88B /* JHkey.h */,
				8DBB159B25EB04890092F88B /* JHkey.m */,
				8D06A3E225E6EC6800E3B47E /* JhUtil.swift */,
				8D4E8152266D8F770073B3B6 /* Color.swift */,
				8D59B2242669AD2C0034A967 /* Extension.swift */,
				8DF36877266C20670098EA60 /* ColorExtension.swift */,
				8D552EE326484C4000866DEF /* UnicodeEn.swift */,
				8DE7FA2525E4C6E700D3C48A /* KeyboardButton.swift */,
				8DE7FA2325E4C6E700D3C48A /* KeyboardView.swift */,
				8DBB158825EAEA840092F88B /* KeyboardExtension-Bridging-Header.h */,
			);
			path = KeyboardView;
			sourceTree = "<group>";
		};
/* End PBXGroup section */

/* Begin PBXNativeTarget section */
		8DE7F94725E4474A00D3C48A /* KeyboardSwift */ = {
			isa = PBXNativeTarget;
			buildConfigurationList = 8DE7F95C25E4476900D3C48A /* Build configuration list for PBXNativeTarget "KeyboardSwift" */;
			buildPhases = (
				AAF6F125E3918359DA1AA034 /* [CP] Check Pods Manifest.lock */,
				8DE7F94425E4474A00D3C48A /* Sources */,
				8DE7F94525E4474A00D3C48A /* Frameworks */,
				8DE7F94625E4474A00D3C48A /* Resources */,
				8DE7F9CC25E4784200D3C48A /* Embed App Extensions */,
				8A052C281F5841A3E4D17FC3 /* [CP] Embed Pods Frameworks */,
			);
			buildRules = (
			);
			dependencies = (
				8DE7F9C725E4784200D3C48A /* PBXTargetDependency */,
			);
			name = KeyboardSwift;
			productName = KeyboardSwift;
			productReference = 8DE7F94825E4474A00D3C48A /* KeyboardSwift.app */;
			productType = "com.apple.product-type.application";
		};
		8DE7F9C025E4784200D3C48A /* KeyboardExtension */ = {
			isa = PBXNativeTarget;
			buildConfigurationList = 8DE7F9C925E4784200D3C48A /* Build configuration list for PBXNativeTarget "KeyboardExtension" */;
			buildPhases = (
				8DE7F9BD25E4784200D3C48A /* Sources */,
				8DE7F9BE25E4784200D3C48A /* Frameworks */,
				8DE7F9BF25E4784200D3C48A /* Resources */,
			);
			buildRules = (
			);
			dependencies = (
			);
			name = KeyboardExtension;
			productName = KeyboardExtension;
			productReference = 8DE7F9C125E4784200D3C48A /* KeyboardExtension.appex */;
			productType = "com.apple.product-type.app-extension";
		};
/* End PBXNativeTarget section */

/* Begin PBXProject section */
		8DE7F94025E4474A00D3C48A /* Project object */ = {
			isa = PBXProject;
			attributes = {
				LastSwiftUpdateCheck = 1220;
				LastUpgradeCheck = 1220;
				TargetAttributes = {
					8DE7F94725E4474A00D3C48A = {
						CreatedOnToolsVersion = 12.2;
					};
					8DE7F9C025E4784200D3C48A = {
						CreatedOnToolsVersion = 12.2;
						LastSwiftMigration = 1220;
					};
				};
			};
			buildConfigurationList = 8DE7F94325E4474A00D3C48A /* Build configuration list for PBXProject "KeyboardSwift" */;
			compatibilityVersion = "Xcode 9.3";
			developmentRegion = en;
			hasScannedForEncodings = 0;
			knownRegions = (
				en,
				Base,
			);
			mainGroup = 8DE7F93F25E4474A00D3C48A;
			productRefGroup = 8DE7F94925E4474A00D3C48A /* Products */;
			projectDirPath = "";
			projectRoot = "";
			targets = (
				8DE7F94725E4474A00D3C48A /* KeyboardSwift */,
				8DE7F9C025E4784200D3C48A /* KeyboardExtension */,
			);
		};
/* End PBXProject section */

/* Begin PBXResourcesBuildPhase section */
		8DE7F94625E4474A00D3C48A /* Resources */ = {
			isa = PBXResourcesBuildPhase;
			buildActionMask = 2147483647;
			files = (
				8DD5076C26815FEB00377CBD /* hello (16bit PCM).wav in Resources */,
				8DE7F95825E4476900D3C48A /* LaunchScreen.storyboard in Resources */,
				8DE7F95525E4476900D3C48A /* Assets.xcassets in Resources */,
				8DE7F95325E4474A00D3C48A /* Main.storyboard in Resources */,
				8DD5076A26815FEB00377CBD /* bangla.flac in Resources */,
				8DD5076B26815FEB00377CBD /* good-morning-google.flac in Resources */,
			);
			runOnlyForDeploymentPostprocessing = 0;
		};
		8DE7F9BF25E4784200D3C48A /* Resources */ = {
			isa = PBXResourcesBuildPhase;
			buildActionMask = 2147483647;
			files = (
				8D496A1E26388C73001DE455 /* word.txt in Resources */,
				8D140F4A26C0E4A200512477 /* bangla.flac in Resources */,
				8D769A0D265F3BED00C74FBA /* Assets.xcassets in Resources */,
			);
			runOnlyForDeploymentPostprocessing = 0;
		};
/* End PBXResourcesBuildPhase section */

/* Begin PBXShellScriptBuildPhase section */
		8A052C281F5841A3E4D17FC3 /* [CP] Embed Pods Frameworks */ = {
			isa = PBXShellScriptBuildPhase;
			buildActionMask = 2147483647;
			files = (
			);
			inputFileListPaths = (
				"${PODS_ROOT}/Target Support Files/Pods-KeyboardSwift/Pods-KeyboardSwift-frameworks-${CONFIGURATION}-input-files.xcfilelist",
			);
			name = "[CP] Embed Pods Frameworks";
			outputFileListPaths = (
				"${PODS_ROOT}/Target Support Files/Pods-KeyboardSwift/Pods-KeyboardSwift-frameworks-${CONFIGURATION}-output-files.xcfilelist",
			);
			runOnlyForDeploymentPostprocessing = 0;
			shellPath = /bin/sh;
			shellScript = "\"${PODS_ROOT}/Target Support Files/Pods-KeyboardSwift/Pods-KeyboardSwift-frameworks.sh\"\n";
			showEnvVarsInLog = 0;
		};
		AAF6F125E3918359DA1AA034 /* [CP] Check Pods Manifest.lock */ = {
			isa = PBXShellScriptBuildPhase;
			buildActionMask = 2147483647;
			files = (
			);
			inputFileListPaths = (
			);
			inputPaths = (
				"${PODS_PODFILE_DIR_PATH}/Podfile.lock",
				"${PODS_ROOT}/Manifest.lock",
			);
			name = "[CP] Check Pods Manifest.lock";
			outputFileListPaths = (
			);
			outputPaths = (
				"$(DERIVED_FILE_DIR)/Pods-KeyboardSwift-checkManifestLockResult.txt",
			);
			runOnlyForDeploymentPostprocessing = 0;
			shellPath = /bin/sh;
			shellScript = "diff \"${PODS_PODFILE_DIR_PATH}/Podfile.lock\" \"${PODS_ROOT}/Manifest.lock\" > /dev/null\nif [ $? != 0 ] ; then\n    # print error to STDERR\n    echo \"error: The sandbox is not in sync with the Podfile.lock. Run 'pod install' or update your CocoaPods installation.\" >&2\n    exit 1\nfi\n# This output is used by Xcode 'outputs' to avoid re-running this script phase.\necho \"SUCCESS\" > \"${SCRIPT_OUTPUT_FILE_0}\"\n";
			showEnvVarsInLog = 0;
		};
/* End PBXShellScriptBuildPhase section */

/* Begin PBXSourcesBuildPhase section */
		8DE7F94425E4474A00D3C48A /* Sources */ = {
			isa = PBXSourcesBuildPhase;
			buildActionMask = 2147483647;
			files = (
				8DD507462681596B00377CBD /* APIKey.swift in Sources */,
				8D91CD462655E7EF00404F5D /* SceneDelegate.swift in Sources */,
				8DD5075E26815EF800377CBD /* Utils.swift in Sources */,
				8DD507482681596B00377CBD /* APIBase.swift in Sources */,
				8DD507492681596B00377CBD /* ErrorModel.swift in Sources */,
				8DD507472681596B00377CBD /* APIUrl.swift in Sources */,
				8D8BCF7A26E76E2200615097 /* Response.swift in Sources */,
				8DD507762681644A00377CBD /* SpeechModel.swift in Sources */,
				8D8BCF5F26E7638B00615097 /* Errors.swift in Sources */,
				8DD5074A2681596B00377CBD /* Reachability.swift in Sources */,
				8DE7F94C25E4474A00D3C48A /* AppDelegate.swift in Sources */,
				8DF6E35126C357050031E094 /* HomeViewController.swift in Sources */,
				8D06F4C726CB26AD00DB0D57 /* APIRequest.swift in Sources */,
				8D9AA16E2682DEDC00EA136D /* AudioManager.swift in Sources */,
			);
			runOnlyForDeploymentPostprocessing = 0;
		};
		8DE7F9BD25E4784200D3C48A /* Sources */ = {
			isa = PBXSourcesBuildPhase;
			buildActionMask = 2147483647;
			files = (
				8D59B2252669AD2C0034A967 /* Extension.swift in Sources */,
				8DE7FA2825E4C6E700D3C48A /* KeyboardButton.swift in Sources */,
				8DF6E35626C357550031E094 /* HintBarManager.swift in Sources */,
				8DE7F9C425E4784200D3C48A /* KeyboardViewController.swift in Sources */,
				8D8BCF7F26E7790900615097 /* Response.swift in Sources */,
				8DF6E32626C3563F0031E094 /* Color.swift in Sources */,
				8D8BCF5B26E7626400615097 /* ErrorModel.swift in Sources */,
				8D8BCF6226E763C200615097 /* Errors.swift in Sources */,
				8D552EE426484C4000866DEF /* UnicodeEn.swift in Sources */,
				8DF6E31E26C356380031E094 /* JHkey.m in Sources */,
				8DE7FA2625E4C6E700D3C48A /* KeyboardView.swift in Sources */,
				8D496A1C26388C73001DE455 /* SuggestionBarManager.m in Sources */,
				8D140F4726C0DC3300512477 /* APIRequest.swift in Sources */,
				8DF36878266C20670098EA60 /* ColorExtension.swift in Sources */,
				8DF6E32126C3563B0031E094 /* JhUtil.swift in Sources */,
			);
			runOnlyForDeploymentPostprocessing = 0;
		};
/* End PBXSourcesBuildPhase section */

/* Begin PBXTargetDependency section */
		8DE7F9C725E4784200D3C48A /* PBXTargetDependency */ = {
			isa = PBXTargetDependency;
			target = 8DE7F9C025E4784200D3C48A /* KeyboardExtension */;
			targetProxy = 8DE7F9C625E4784200D3C48A /* PBXContainerItemProxy */;
		};
/* End PBXTargetDependency section */

/* Begin PBXVariantGroup section */
		8DE7F95125E4474A00D3C48A /* Main.storyboard */ = {
			isa = PBXVariantGroup;
			children = (
				8DE7F95225E4474A00D3C48A /* Base */,
			);
			name = Main.storyboard;
			sourceTree = "<group>";
		};
		8DE7F95625E4476900D3C48A /* LaunchScreen.storyboard */ = {
			isa = PBXVariantGroup;
			children = (
				8DE7F95725E4476900D3C48A /* Base */,
			);
			name = LaunchScreen.storyboard;
			sourceTree = "<group>";
		};
/* End PBXVariantGroup section */

/* Begin XCBuildConfiguration section */
		8DE7F95A25E4476900D3C48A /* Debug */ = {
			isa = XCBuildConfiguration;
			buildSettings = {
				ALWAYS_SEARCH_USER_PATHS = NO;
				CLANG_ANALYZER_NONNULL = YES;
				CLANG_ANALYZER_NUMBER_OBJECT_CONVERSION = YES_AGGRESSIVE;
				CLANG_CXX_LANGUAGE_STANDARD = "gnu++14";
				CLANG_CXX_LIBRARY = "libc++";
				CLANG_ENABLE_MODULES = YES;
				CLANG_ENABLE_OBJC_ARC = YES;
				CLANG_ENABLE_OBJC_WEAK = YES;
				CLANG_WARN_BLOCK_CAPTURE_AUTORELEASING = YES;
				CLANG_WARN_BOOL_CONVERSION = YES;
				CLANG_WARN_COMMA = YES;
				CLANG_WARN_CONSTANT_CONVERSION = YES;
				CLANG_WARN_DEPRECATED_OBJC_IMPLEMENTATIONS = YES;
				CLANG_WARN_DIRECT_OBJC_ISA_USAGE = YES_ERROR;
				CLANG_WARN_DOCUMENTATION_COMMENTS = YES;
				CLANG_WARN_EMPTY_BODY = YES;
				CLANG_WARN_ENUM_CONVERSION = YES;
				CLANG_WARN_INFINITE_RECURSION = YES;
				CLANG_WARN_INT_CONVERSION = YES;
				CLANG_WARN_NON_LITERAL_NULL_CONVERSION = YES;
				CLANG_WARN_OBJC_IMPLICIT_RETAIN_SELF = YES;
				CLANG_WARN_OBJC_LITERAL_CONVERSION = YES;
				CLANG_WARN_OBJC_ROOT_CLASS = YES_ERROR;
				CLANG_WARN_QUOTED_INCLUDE_IN_FRAMEWORK_HEADER = YES;
				CLANG_WARN_RANGE_LOOP_ANALYSIS = YES;
				CLANG_WARN_STRICT_PROTOTYPES = YES;
				CLANG_WARN_SUSPICIOUS_MOVE = YES;
				CLANG_WARN_UNGUARDED_AVAILABILITY = YES_AGGRESSIVE;
				CLANG_WARN_UNREACHABLE_CODE = YES;
				CLANG_WARN__DUPLICATE_METHOD_MATCH = YES;
				COPY_PHASE_STRIP = NO;
				DEBUG_INFORMATION_FORMAT = dwarf;
				ENABLE_STRICT_OBJC_MSGSEND = YES;
				ENABLE_TESTABILITY = YES;
				GCC_C_LANGUAGE_STANDARD = gnu11;
				GCC_DYNAMIC_NO_PIC = NO;
				GCC_NO_COMMON_BLOCKS = YES;
				GCC_OPTIMIZATION_LEVEL = 0;
				GCC_PREPROCESSOR_DEFINITIONS = (
					"DEBUG=1",
					"$(inherited)",
				);
				GCC_WARN_64_TO_32_BIT_CONVERSION = YES;
				GCC_WARN_ABOUT_RETURN_TYPE = YES_ERROR;
				GCC_WARN_UNDECLARED_SELECTOR = YES;
				GCC_WARN_UNINITIALIZED_AUTOS = YES_AGGRESSIVE;
				GCC_WARN_UNUSED_FUNCTION = YES;
				GCC_WARN_UNUSED_VARIABLE = YES;
				IPHONEOS_DEPLOYMENT_TARGET = 13.0;
				MTL_ENABLE_DEBUG_INFO = INCLUDE_SOURCE;
				MTL_FAST_MATH = YES;
				ONLY_ACTIVE_ARCH = YES;
				SDKROOT = iphoneos;
				SWIFT_ACTIVE_COMPILATION_CONDITIONS = DEBUG;
				SWIFT_OPTIMIZATION_LEVEL = "-Onone";
			};
			name = Debug;
		};
		8DE7F95B25E4476900D3C48A /* Release */ = {
			isa = XCBuildConfiguration;
			buildSettings = {
				ALWAYS_SEARCH_USER_PATHS = NO;
				CLANG_ANALYZER_NONNULL = YES;
				CLANG_ANALYZER_NUMBER_OBJECT_CONVERSION = YES_AGGRESSIVE;
				CLANG_CXX_LANGUAGE_STANDARD = "gnu++14";
				CLANG_CXX_LIBRARY = "libc++";
				CLANG_ENABLE_MODULES = YES;
				CLANG_ENABLE_OBJC_ARC = YES;
				CLANG_ENABLE_OBJC_WEAK = YES;
				CLANG_WARN_BLOCK_CAPTURE_AUTORELEASING = YES;
				CLANG_WARN_BOOL_CONVERSION = YES;
				CLANG_WARN_COMMA = YES;
				CLANG_WARN_CONSTANT_CONVERSION = YES;
				CLANG_WARN_DEPRECATED_OBJC_IMPLEMENTATIONS = YES;
				CLANG_WARN_DIRECT_OBJC_ISA_USAGE = YES_ERROR;
				CLANG_WARN_DOCUMENTATION_COMMENTS = YES;
				CLANG_WARN_EMPTY_BODY = YES;
				CLANG_WARN_ENUM_CONVERSION = YES;
				CLANG_WARN_INFINITE_RECURSION = YES;
				CLANG_WARN_INT_CONVERSION = YES;
				CLANG_WARN_NON_LITERAL_NULL_CONVERSION = YES;
				CLANG_WARN_OBJC_IMPLICIT_RETAIN_SELF = YES;
				CLANG_WARN_OBJC_LITERAL_CONVERSION = YES;
				CLANG_WARN_OBJC_ROOT_CLASS = YES_ERROR;
				CLANG_WARN_QUOTED_INCLUDE_IN_FRAMEWORK_HEADER = YES;
				CLANG_WARN_RANGE_LOOP_ANALYSIS = YES;
				CLANG_WARN_STRICT_PROTOTYPES = YES;
				CLANG_WARN_SUSPICIOUS_MOVE = YES;
				CLANG_WARN_UNGUARDED_AVAILABILITY = YES_AGGRESSIVE;
				CLANG_WARN_UNREACHABLE_CODE = YES;
				CLANG_WARN__DUPLICATE_METHOD_MATCH = YES;
				COPY_PHASE_STRIP = NO;
				DEBUG_INFORMATION_FORMAT = "dwarf-with-dsym";
				ENABLE_NS_ASSERTIONS = NO;
				ENABLE_STRICT_OBJC_MSGSEND = YES;
				GCC_C_LANGUAGE_STANDARD = gnu11;
				GCC_NO_COMMON_BLOCKS = YES;
				GCC_WARN_64_TO_32_BIT_CONVERSION = YES;
				GCC_WARN_ABOUT_RETURN_TYPE = YES_ERROR;
				GCC_WARN_UNDECLARED_SELECTOR = YES;
				GCC_WARN_UNINITIALIZED_AUTOS = YES_AGGRESSIVE;
				GCC_WARN_UNUSED_FUNCTION = YES;
				GCC_WARN_UNUSED_VARIABLE = YES;
				IPHONEOS_DEPLOYMENT_TARGET = 13.0;
				MTL_ENABLE_DEBUG_INFO = NO;
				MTL_FAST_MATH = YES;
				SDKROOT = iphoneos;
				SWIFT_COMPILATION_MODE = wholemodule;
				SWIFT_OPTIMIZATION_LEVEL = "-O";
				VALIDATE_PRODUCT = YES;
			};
			name = Release;
		};
		8DE7F95D25E4476900D3C48A /* Debug */ = {
			isa = XCBuildConfiguration;
			baseConfigurationReference = E3FF41B884FEBDE88E1CD54E /* Pods-KeyboardSwift.debug.xcconfig */;
			buildSettings = {
				ALWAYS_EMBED_SWIFT_STANDARD_LIBRARIES = YES;
				ASSETCATALOG_COMPILER_APPICON_NAME = AppIcon;
				ASSETCATALOG_COMPILER_GLOBAL_ACCENT_COLOR_NAME = AccentColor;
				CODE_SIGN_IDENTITY = "Apple Development";
				CODE_SIGN_STYLE = Automatic;
				CURRENT_PROJECT_VERSION = 1;
				DEVELOPMENT_TEAM = 8KNMV3DJ4V;
				INFOPLIST_FILE = KeyboardSwift/Info.plist;
				IPHONEOS_DEPLOYMENT_TARGET = 10.0;
				LD_RUNPATH_SEARCH_PATHS = (
					"$(inherited)",
					"@executable_path/Frameworks",
				);
				MARKETING_VERSION = 1.0.2;
				PRODUCT_BUNDLE_IDENTIFIER = com.vaticsoft.SmartKeyboard;
				PRODUCT_NAME = "$(TARGET_NAME)";
				PROVISIONING_PROFILE_SPECIFIER = "";
				SWIFT_VERSION = 5.0;
				TARGETED_DEVICE_FAMILY = 1;
			};
			name = Debug;
		};
		8DE7F95E25E4476900D3C48A /* Release */ = {
			isa = XCBuildConfiguration;
			baseConfigurationReference = DA8C7C06C69151D7EB853273 /* Pods-KeyboardSwift.release.xcconfig */;
			buildSettings = {
				ALWAYS_EMBED_SWIFT_STANDARD_LIBRARIES = YES;
				ASSETCATALOG_COMPILER_APPICON_NAME = AppIcon;
				ASSETCATALOG_COMPILER_GLOBAL_ACCENT_COLOR_NAME = AccentColor;
				CODE_SIGN_IDENTITY = "Apple Development";
				CODE_SIGN_STYLE = Automatic;
				CURRENT_PROJECT_VERSION = 1;
				DEVELOPMENT_TEAM = 8KNMV3DJ4V;
				INFOPLIST_FILE = KeyboardSwift/Info.plist;
				IPHONEOS_DEPLOYMENT_TARGET = 10.0;
				LD_RUNPATH_SEARCH_PATHS = (
					"$(inherited)",
					"@executable_path/Frameworks",
				);
				MARKETING_VERSION = 1.0.2;
				PRODUCT_BUNDLE_IDENTIFIER = com.vaticsoft.SmartKeyboard;
				PRODUCT_NAME = "$(TARGET_NAME)";
				PROVISIONING_PROFILE_SPECIFIER = "";
				SWIFT_VERSION = 5.0;
				TARGETED_DEVICE_FAMILY = 1;
			};
			name = Release;
		};
		8DE7F9CA25E4784200D3C48A /* Debug */ = {
			isa = XCBuildConfiguration;
			buildSettings = {
				CLANG_ENABLE_MODULES = YES;
				CODE_SIGN_IDENTITY = "Apple Development";
				CODE_SIGN_STYLE = Automatic;
				CURRENT_PROJECT_VERSION = 1;
				DEVELOPMENT_TEAM = 8KNMV3DJ4V;
				INFOPLIST_FILE = KeyboardExtension/Info.plist;
				IPHONEOS_DEPLOYMENT_TARGET = 10.0;
				LD_RUNPATH_SEARCH_PATHS = (
					"$(inherited)",
					"@executable_path/Frameworks",
					"@executable_path/../../Frameworks",
				);
				MARKETING_VERSION = 1.0.2;
				PRODUCT_BUNDLE_IDENTIFIER = com.vaticsoft.SmartKeyboard.KeyboardExtension;
				PRODUCT_NAME = "$(TARGET_NAME)";
				PROVISIONING_PROFILE_SPECIFIER = "";
				SKIP_INSTALL = YES;
				SWIFT_OBJC_BRIDGING_HEADER = "KeyboardExtension/KeyboardView/KeyboardExtension-Bridging-Header.h";
				SWIFT_OPTIMIZATION_LEVEL = "-Onone";
				SWIFT_VERSION = 5.0;
				TARGETED_DEVICE_FAMILY = 1;
			};
			name = Debug;
		};
		8DE7F9CB25E4784200D3C48A /* Release */ = {
			isa = XCBuildConfiguration;
			buildSettings = {
				CLANG_ENABLE_MODULES = YES;
				CODE_SIGN_IDENTITY = "Apple Development";
				CODE_SIGN_STYLE = Automatic;
				CURRENT_PROJECT_VERSION = 1;
				DEVELOPMENT_TEAM = 8KNMV3DJ4V;
				INFOPLIST_FILE = KeyboardExtension/Info.plist;
				IPHONEOS_DEPLOYMENT_TARGET = 10.0;
				LD_RUNPATH_SEARCH_PATHS = (
					"$(inherited)",
					"@executable_path/Frameworks",
					"@executable_path/../../Frameworks",
				);
				MARKETING_VERSION = 1.0.2;
				PRODUCT_BUNDLE_IDENTIFIER = com.vaticsoft.SmartKeyboard.KeyboardExtension;
				PRODUCT_NAME = "$(TARGET_NAME)";
				PROVISIONING_PROFILE_SPECIFIER = "";
				SKIP_INSTALL = YES;
				SWIFT_OBJC_BRIDGING_HEADER = "KeyboardExtension/KeyboardView/KeyboardExtension-Bridging-Header.h";
				SWIFT_VERSION = 5.0;
				TARGETED_DEVICE_FAMILY = 1;
			};
			name = Release;
		};
/* End XCBuildConfiguration section */

/* Begin XCConfigurationList section */
		8DE7F94325E4474A00D3C48A /* Build configuration list for PBXProject "KeyboardSwift" */ = {
			isa = XCConfigurationList;
			buildConfigurations = (
				8DE7F95A25E4476900D3C48A /* Debug */,
				8DE7F95B25E4476900D3C48A /* Release */,
			);
			defaultConfigurationIsVisible = 0;
			defaultConfigurationName = Release;
		};
		8DE7F95C25E4476900D3C48A /* Build configuration list for PBXNativeTarget "KeyboardSwift" */ = {
			isa = XCConfigurationList;
			buildConfigurations = (
				8DE7F95D25E4476900D3C48A /* Debug */,
				8DE7F95E25E4476900D3C48A /* Release */,
			);
			defaultConfigurationIsVisible = 0;
			defaultConfigurationName = Release;
		};
		8DE7F9C925E4784200D3C48A /* Build configuration list for PBXNativeTarget "KeyboardExtension" */ = {
			isa = XCConfigurationList;
			buildConfigurations = (
				8DE7F9CA25E4784200D3C48A /* Debug */,
				8DE7F9CB25E4784200D3C48A /* Release */,
			);
			defaultConfigurationIsVisible = 0;
			defaultConfigurationName = Release;
		};
/* End XCConfigurationList section */
	};
	rootObject = 8DE7F94025E4474A00D3C48A /* Project object */;
}
